
Microsoft Visual Studio Solution File, Format Version 12.00
# Visual Studio Version 17
VisualStudioVersion = 17.6.33723.286
MinimumVisualStudioVersion = 10.0.40219.1
Project("{2150E333-8FDC-42A3-9474-1A3956D46DE8}") = "Examples", "Examples", "{4B219665-5F59-440D-9ECF-1346C4A48B34}"
EndProject
Project("{9A19103F-16F7-4668-BE54-9A1E7A4F7556}") = "OpenAI.Client", "..\src\OpenAI\OpenAI.Client\OpenAI.Client.csproj", "{BAD9A0F0-42A5-4CB5-8122-D37D64D16C8D}"
EndProject
Project("{2150E333-8FDC-42A3-9474-1A3956D46DE8}") = "Tests", "Tests", "{55D47E96-3AC7-4EE9-8E9F-E0E3FECA1F59}"
EndProject
Project("{9A19103F-16F7-4668-BE54-9A1E7A4F7556}") = "Azure.OpenAI.Tests", "..\src\OpenAI\Tests\Azure.OpenAI.Tests\Azure.OpenAI.Tests.csproj", "{E900CDDA-ABE4-492C-93AB-6C4B7202F7EA}"
EndProject
Project("{9A19103F-16F7-4668-BE54-9A1E7A4F7556}") = "OpenAI.Tests", "..\src\OpenAI\Tests\OpenAI.Tests\OpenAI.Tests.csproj", "{C93DAB47-F6BF-4F3C-A085-AF1F5F76AD37}"
EndProject
Project("{9A19103F-16F7-4668-BE54-9A1E7A4F7556}") = "ChatGPT.Console.App", "ChatGPT.Console.App\ChatGPT.Console.App.csproj", "{976FB1E5-5AEB-43B7-81A2-865AD4023B05}"
EndProject
Project("{9A19103F-16F7-4668-BE54-9A1E7A4F7556}") = "ChatGPT.Wpf.App", "ChatGPT.Wpf.App\ChatGPT.Wpf.App.csproj", "{83305D68-C2C1-41DC-ACFD-8BFAB6F4A3D8}"
EndProject
Project("{9A19103F-16F7-4668-BE54-9A1E7A4F7556}") = "AI.Library", "..\src\AI.Library\AI.Library.csproj", "{407E812A-7A3B-4B46-AAF5-A5F77619738D}"
EndProject
Project("{2150E333-8FDC-42A3-9474-1A3956D46DE8}") = "VectorDatabase", "VectorDatabase", "{3333D99E-F8E6-4F12-B325-77C42C85FD9A}"
EndProject
Project("{2150E333-8FDC-42A3-9474-1A3956D46DE8}") = "Tests", "Tests", "{8503E90D-D7CF-473D-AD6B-6A74CC2DFE08}"
EndProject
Project("{9A19103F-16F7-4668-BE54-9A1E7A4F7556}") = "Qdrant.Tests", "..\src\VectorDatabases\Tests\Qdrant.Tests\Qdrant.Tests.csproj", "{303A29AA-FD83-48A5-B118-4FD016CDA2B7}"
EndProject
Project("{9A19103F-16F7-4668-BE54-9A1E7A4F7556}") = "AI.CaaP.Client", "AI.CaaP.Client\AI.CaaP.Client.csproj", "{81BD10EA-A22E-4DDC-BC38-54C7901394EE}"
EndProject
Project("{2150E333-8FDC-42A3-9474-1A3956D46DE8}") = "ConversationAsAPlatform", "ConversationAsAPlatform", "{6FFF108F-7893-464B-A57C-E2E359F0AF42}"
EndProject
Project("{2150E333-8FDC-42A3-9474-1A3956D46DE8}") = "Tests", "Tests", "{B38CDD9D-C848-4F43-AA61-4F4BA0072CC6}"
EndProject
Project("{9A19103F-16F7-4668-BE54-9A1E7A4F7556}") = "AI.Caap.Tests", "..\src\ConversationAsAPlatform\Tests\AI.Caap.Tests\AI.Caap.Tests.csproj", "{8D19B11F-65EF-4D1F-8FD4-0CF0804AF88B}"
EndProject
Project("{9A19103F-16F7-4668-BE54-9A1E7A4F7556}") = "AI.CaaP", "..\src\ConversationAsAPlatform\AI.CaaP\AI.CaaP.csproj", "{BD97DE00-3EA6-4E72-9ACA-8BCCD0C563FF}"
EndProject
Project("{2150E333-8FDC-42A3-9474-1A3956D46DE8}") = "OpenAI", "OpenAI", "{AB381FEE-63F0-4F3D-A7C3-1710E1329E15}"
EndProject
Project("{9A19103F-16F7-4668-BE54-9A1E7A4F7556}") = "AI.VectorDatabase.Qdrant", "..\src\VectorDatabases\AI.VectorDatabases.Qdrant\AI.VectorDatabase.Qdrant.csproj", "{5F623AC6-DC6C-431D-9949-17EFD053A12D}"
EndProject
Project("{9A19103F-16F7-4668-BE54-9A1E7A4F7556}") = "AI.CaaP.Repository", "..\src\ConversationAsAPlatform\AI.CaaP.Repository\AI.CaaP.Repository.csproj", "{169EE1C3-4D8C-4637-9F4D-84541F504048}"
EndProject
Project("{9A19103F-16F7-4668-BE54-9A1E7A4F7556}") = "AI.CaaP.WebAPI", "..\src\ConversationAsAPlatform\AI.CaaP.WebAPI\AI.CaaP.WebAPI.csproj", "{7ED585CD-0C5D-4685-9EAF-BC422CCA4C33}"
EndProject
Project("{2150E333-8FDC-42A3-9474-1A3956D46DE8}") = "LLamaSharp", "LLamaSharp", "{C5CB6D64-C370-4DA3-A2A7-087862FDA890}"
EndProject
Project("{2150E333-8FDC-42A3-9474-1A3956D46DE8}") = "Tests", "Tests", "{974826EA-A8D3-43F3-9115-7A5146F3C472}"
EndProject
Project("{9A19103F-16F7-4668-BE54-9A1E7A4F7556}") = "LLamaSharpApp.WebAPI", "..\src\LLamaSharp\LLamaSharpApp.WebAPI\LLamaSharpApp.WebAPI.csproj", "{EDF669FE-6713-45BD-BE3F-F6199A637094}"
EndProject
Project("{9A19103F-16F7-4668-BE54-9A1E7A4F7556}") = "LlamaSharp.Tests", "..\src\LLamaSharp\Tests\LlmaSharp.Tests\LlamaSharp.Tests.csproj", "{84B527F9-7F3D-4E82-95D4-B54C3D67AF90}"
EndProject
Project("{9A19103F-16F7-4668-BE54-9A1E7A4F7556}") = "AI.Test.Support", "..\src\AI.Test.Support\AI.Test.Support.csproj", "{D6F0E334-816B-472F-9E37-7E312B957A06}"
EndProject
Global
	GlobalSection(SolutionConfigurationPlatforms) = preSolution
		Debug|Any CPU = Debug|Any CPU
		Release|Any CPU = Release|Any CPU
	EndGlobalSection
	GlobalSection(ProjectConfigurationPlatforms) = postSolution
		{BAD9A0F0-42A5-4CB5-8122-D37D64D16C8D}.Debug|Any CPU.ActiveCfg = Debug|Any CPU
		{BAD9A0F0-42A5-4CB5-8122-D37D64D16C8D}.Debug|Any CPU.Build.0 = Debug|Any CPU
		{BAD9A0F0-42A5-4CB5-8122-D37D64D16C8D}.Release|Any CPU.ActiveCfg = Release|Any CPU
		{BAD9A0F0-42A5-4CB5-8122-D37D64D16C8D}.Release|Any CPU.Build.0 = Release|Any CPU
		{E900CDDA-ABE4-492C-93AB-6C4B7202F7EA}.Debug|Any CPU.ActiveCfg = Debug|Any CPU
		{E900CDDA-ABE4-492C-93AB-6C4B7202F7EA}.Debug|Any CPU.Build.0 = Debug|Any CPU
		{E900CDDA-ABE4-492C-93AB-6C4B7202F7EA}.Release|Any CPU.ActiveCfg = Release|Any CPU
		{E900CDDA-ABE4-492C-93AB-6C4B7202F7EA}.Release|Any CPU.Build.0 = Release|Any CPU
		{C93DAB47-F6BF-4F3C-A085-AF1F5F76AD37}.Debug|Any CPU.ActiveCfg = Debug|Any CPU
		{C93DAB47-F6BF-4F3C-A085-AF1F5F76AD37}.Debug|Any CPU.Build.0 = Debug|Any CPU
		{C93DAB47-F6BF-4F3C-A085-AF1F5F76AD37}.Release|Any CPU.ActiveCfg = Release|Any CPU
		{C93DAB47-F6BF-4F3C-A085-AF1F5F76AD37}.Release|Any CPU.Build.0 = Release|Any CPU
		{976FB1E5-5AEB-43B7-81A2-865AD4023B05}.Debug|Any CPU.ActiveCfg = Debug|Any CPU
		{976FB1E5-5AEB-43B7-81A2-865AD4023B05}.Debug|Any CPU.Build.0 = Debug|Any CPU
		{976FB1E5-5AEB-43B7-81A2-865AD4023B05}.Release|Any CPU.ActiveCfg = Release|Any CPU
		{976FB1E5-5AEB-43B7-81A2-865AD4023B05}.Release|Any CPU.Build.0 = Release|Any CPU
		{83305D68-C2C1-41DC-ACFD-8BFAB6F4A3D8}.Debug|Any CPU.ActiveCfg = Debug|Any CPU
		{83305D68-C2C1-41DC-ACFD-8BFAB6F4A3D8}.Debug|Any CPU.Build.0 = Debug|Any CPU
		{83305D68-C2C1-41DC-ACFD-8BFAB6F4A3D8}.Release|Any CPU.ActiveCfg = Release|Any CPU
		{83305D68-C2C1-41DC-ACFD-8BFAB6F4A3D8}.Release|Any CPU.Build.0 = Release|Any CPU
		{407E812A-7A3B-4B46-AAF5-A5F77619738D}.Debug|Any CPU.ActiveCfg = Debug|Any CPU
		{407E812A-7A3B-4B46-AAF5-A5F77619738D}.Debug|Any CPU.Build.0 = Debug|Any CPU
		{407E812A-7A3B-4B46-AAF5-A5F77619738D}.Release|Any CPU.ActiveCfg = Release|Any CPU
		{407E812A-7A3B-4B46-AAF5-A5F77619738D}.Release|Any CPU.Build.0 = Release|Any CPU
		{303A29AA-FD83-48A5-B118-4FD016CDA2B7}.Debug|Any CPU.ActiveCfg = Debug|Any CPU
		{303A29AA-FD83-48A5-B118-4FD016CDA2B7}.Debug|Any CPU.Build.0 = Debug|Any CPU
		{303A29AA-FD83-48A5-B118-4FD016CDA2B7}.Release|Any CPU.ActiveCfg = Release|Any CPU
		{303A29AA-FD83-48A5-B118-4FD016CDA2B7}.Release|Any CPU.Build.0 = Release|Any CPU
		{81BD10EA-A22E-4DDC-BC38-54C7901394EE}.Debug|Any CPU.ActiveCfg = Debug|Any CPU
		{81BD10EA-A22E-4DDC-BC38-54C7901394EE}.Debug|Any CPU.Build.0 = Debug|Any CPU
		{81BD10EA-A22E-4DDC-BC38-54C7901394EE}.Release|Any CPU.ActiveCfg = Release|Any CPU
		{81BD10EA-A22E-4DDC-BC38-54C7901394EE}.Release|Any CPU.Build.0 = Release|Any CPU
		{8D19B11F-65EF-4D1F-8FD4-0CF0804AF88B}.Debug|Any CPU.ActiveCfg = Debug|Any CPU
		{8D19B11F-65EF-4D1F-8FD4-0CF0804AF88B}.Debug|Any CPU.Build.0 = Debug|Any CPU
		{8D19B11F-65EF-4D1F-8FD4-0CF0804AF88B}.Release|Any CPU.ActiveCfg = Release|Any CPU
		{8D19B11F-65EF-4D1F-8FD4-0CF0804AF88B}.Release|Any CPU.Build.0 = Release|Any CPU
		{BD97DE00-3EA6-4E72-9ACA-8BCCD0C563FF}.Debug|Any CPU.ActiveCfg = Debug|Any CPU
		{BD97DE00-3EA6-4E72-9ACA-8BCCD0C563FF}.Debug|Any CPU.Build.0 = Debug|Any CPU
		{BD97DE00-3EA6-4E72-9ACA-8BCCD0C563FF}.Release|Any CPU.ActiveCfg = Release|Any CPU
		{BD97DE00-3EA6-4E72-9ACA-8BCCD0C563FF}.Release|Any CPU.Build.0 = Release|Any CPU
		{5F623AC6-DC6C-431D-9949-17EFD053A12D}.Debug|Any CPU.ActiveCfg = Debug|Any CPU
		{5F623AC6-DC6C-431D-9949-17EFD053A12D}.Debug|Any CPU.Build.0 = Debug|Any CPU
		{5F623AC6-DC6C-431D-9949-17EFD053A12D}.Release|Any CPU.ActiveCfg = Release|Any CPU
		{5F623AC6-DC6C-431D-9949-17EFD053A12D}.Release|Any CPU.Build.0 = Release|Any CPU
		{169EE1C3-4D8C-4637-9F4D-84541F504048}.Debug|Any CPU.ActiveCfg = Debug|Any CPU
		{169EE1C3-4D8C-4637-9F4D-84541F504048}.Debug|Any CPU.Build.0 = Debug|Any CPU
		{169EE1C3-4D8C-4637-9F4D-84541F504048}.Release|Any CPU.ActiveCfg = Release|Any CPU
		{169EE1C3-4D8C-4637-9F4D-84541F504048}.Release|Any CPU.Build.0 = Release|Any CPU
		{7ED585CD-0C5D-4685-9EAF-BC422CCA4C33}.Debug|Any CPU.ActiveCfg = Debug|Any CPU
		{7ED585CD-0C5D-4685-9EAF-BC422CCA4C33}.Debug|Any CPU.Build.0 = Debug|Any CPU
		{7ED585CD-0C5D-4685-9EAF-BC422CCA4C33}.Release|Any CPU.ActiveCfg = Release|Any CPU
		{7ED585CD-0C5D-4685-9EAF-BC422CCA4C33}.Release|Any CPU.Build.0 = Release|Any CPU
		{EDF669FE-6713-45BD-BE3F-F6199A637094}.Debug|Any CPU.ActiveCfg = Debug|Any CPU
		{EDF669FE-6713-45BD-BE3F-F6199A637094}.Debug|Any CPU.Build.0 = Debug|Any CPU
		{EDF669FE-6713-45BD-BE3F-F6199A637094}.Release|Any CPU.ActiveCfg = Release|Any CPU
		{EDF669FE-6713-45BD-BE3F-F6199A637094}.Release|Any CPU.Build.0 = Release|Any CPU
		{84B527F9-7F3D-4E82-95D4-B54C3D67AF90}.Debug|Any CPU.ActiveCfg = Debug|Any CPU
		{84B527F9-7F3D-4E82-95D4-B54C3D67AF90}.Debug|Any CPU.Build.0 = Debug|Any CPU
		{84B527F9-7F3D-4E82-95D4-B54C3D67AF90}.Release|Any CPU.ActiveCfg = Release|Any CPU
		{84B527F9-7F3D-4E82-95D4-B54C3D67AF90}.Release|Any CPU.Build.0 = Release|Any CPU
		{D6F0E334-816B-472F-9E37-7E312B957A06}.Debug|Any CPU.ActiveCfg = Debug|Any CPU
		{D6F0E334-816B-472F-9E37-7E312B957A06}.Debug|Any CPU.Build.0 = Debug|Any CPU
		{D6F0E334-816B-472F-9E37-7E312B957A06}.Release|Any CPU.ActiveCfg = Release|Any CPU
		{D6F0E334-816B-472F-9E37-7E312B957A06}.Release|Any CPU.Build.0 = Release|Any CPU
	EndGlobalSection
	GlobalSection(SolutionProperties) = preSolution
		HideSolutionNode = FALSE
	EndGlobalSection
	GlobalSection(NestedProjects) = preSolution
		{BAD9A0F0-42A5-4CB5-8122-D37D64D16C8D} = {AB381FEE-63F0-4F3D-A7C3-1710E1329E15}
		{55D47E96-3AC7-4EE9-8E9F-E0E3FECA1F59} = {AB381FEE-63F0-4F3D-A7C3-1710E1329E15}
		{E900CDDA-ABE4-492C-93AB-6C4B7202F7EA} = {55D47E96-3AC7-4EE9-8E9F-E0E3FECA1F59}
		{C93DAB47-F6BF-4F3C-A085-AF1F5F76AD37} = {55D47E96-3AC7-4EE9-8E9F-E0E3FECA1F59}
		{976FB1E5-5AEB-43B7-81A2-865AD4023B05} = {4B219665-5F59-440D-9ECF-1346C4A48B34}
		{83305D68-C2C1-41DC-ACFD-8BFAB6F4A3D8} = {4B219665-5F59-440D-9ECF-1346C4A48B34}
		{8503E90D-D7CF-473D-AD6B-6A74CC2DFE08} = {3333D99E-F8E6-4F12-B325-77C42C85FD9A}
		{303A29AA-FD83-48A5-B118-4FD016CDA2B7} = {8503E90D-D7CF-473D-AD6B-6A74CC2DFE08}
		{81BD10EA-A22E-4DDC-BC38-54C7901394EE} = {4B219665-5F59-440D-9ECF-1346C4A48B34}
		{B38CDD9D-C848-4F43-AA61-4F4BA0072CC6} = {6FFF108F-7893-464B-A57C-E2E359F0AF42}
		{8D19B11F-65EF-4D1F-8FD4-0CF0804AF88B} = {B38CDD9D-C848-4F43-AA61-4F4BA0072CC6}
		{BD97DE00-3EA6-4E72-9ACA-8BCCD0C563FF} = {6FFF108F-7893-464B-A57C-E2E359F0AF42}
		{5F623AC6-DC6C-431D-9949-17EFD053A12D} = {3333D99E-F8E6-4F12-B325-77C42C85FD9A}
		{169EE1C3-4D8C-4637-9F4D-84541F504048} = {6FFF108F-7893-464B-A57C-E2E359F0AF42}
		{7ED585CD-0C5D-4685-9EAF-BC422CCA4C33} = {6FFF108F-7893-464B-A57C-E2E359F0AF42}
		{974826EA-A8D3-43F3-9115-7A5146F3C472} = {C5CB6D64-C370-4DA3-A2A7-087862FDA890}
		{EDF669FE-6713-45BD-BE3F-F6199A637094} = {C5CB6D64-C370-4DA3-A2A7-087862FDA890}
		{84B527F9-7F3D-4E82-95D4-B54C3D67AF90} = {974826EA-A8D3-43F3-9115-7A5146F3C472}
	EndGlobalSection
	GlobalSection(ExtensibilityGlobals) = postSolution
		SolutionGuid = {09E06CA4-7408-44E0-AE16-39E2D724E834}
	EndGlobalSection
EndGlobal
