
Microsoft Visual Studio Solution File, Format Version 12.00
# Visual Studio Version 17
VisualStudioVersion = 17.6.33723.286
MinimumVisualStudioVersion = 10.0.40219.1
Project("{9A19103F-16F7-4668-BE54-9A1E7A4F7556}") = "OpenAI.Client", "OpenAI\OpenAI.Client\OpenAI.Client.csproj", "{3E93648B-93F2-4592-9EB2-AC87B3931C91}"
EndProject
Project("{9A19103F-16F7-4668-BE54-9A1E7A4F7556}") = "OpenAI.Tests", "OpenAI\Tests\OpenAI.Tests\OpenAI.Tests.csproj", "{D36D8993-5F90-40BC-BCE3-9ED482874871}"
EndProject
Project("{9A19103F-16F7-4668-BE54-9A1E7A4F7556}") = "Azure.OpenAI.Tests", "OpenAI\Tests\Azure.OpenAI.Tests\Azure.OpenAI.Tests.csproj", "{10DD88DB-DE5A-481E-BB88-25D0BD544E12}"
EndProject
Project("{9A19103F-16F7-4668-BE54-9A1E7A4F7556}") = "AI.Library", "Libraries\AI.Library\AI.Library.csproj", "{63270AE1-24D2-4AB3-ABEC-DF0227C611FA}"
EndProject
Project("{2150E333-8FDC-42A3-9474-1A3956D46DE8}") = "OpenAI", "OpenAI", "{E92551FE-B0EA-4C39-A6A9-AC31EA4CF720}"
EndProject
Project("{2150E333-8FDC-42A3-9474-1A3956D46DE8}") = "LLamaSharp", "LLamaSharp", "{703CDD20-E454-4130-95B0-D958CF1A0385}"
	ProjectSection(SolutionItems) = preProject
		LLamaSharp\README.md = LLamaSharp\README.md
	EndProjectSection
EndProject
Project("{9A19103F-16F7-4668-BE54-9A1E7A4F7556}") = "LLamaSharpApp.WebAPI", "LLamaSharp\LLamaSharpApp.WebAPI\LLamaSharpApp.WebAPI.csproj", "{11FF0A14-DD56-42C1-B2CA-AEBF9FEF3EB9}"
EndProject
Project("{2150E333-8FDC-42A3-9474-1A3956D46DE8}") = "Tests", "Tests", "{B63C3753-33B6-4EEE-A6C9-2FF2F7FC72AA}"
EndProject
Project("{2150E333-8FDC-42A3-9474-1A3956D46DE8}") = "Tests", "Tests", "{8A9347B0-59C0-4769-811E-2A809A5794AB}"
EndProject
Project("{9A19103F-16F7-4668-BE54-9A1E7A4F7556}") = "LlamaSharp.Tests", "LLamaSharp\Tests\LlmaSharp.Tests\LlamaSharp.Tests.csproj", "{C5BD5080-E92E-416D-8FE3-AD554C175122}"
EndProject
Project("{2150E333-8FDC-42A3-9474-1A3956D46DE8}") = "ConversationAsAPlatform", "ConversationAsAPlatform", "{F0E9906E-2AB5-479A-B2A8-519DE4CD4917}"
EndProject
Project("{2150E333-8FDC-42A3-9474-1A3956D46DE8}") = "Tests", "Tests", "{69D83285-7FD4-4948-B0C4-66A9B10516C8}"
EndProject
Project("{2150E333-8FDC-42A3-9474-1A3956D46DE8}") = "VectorDatabases", "VectorDatabases", "{36278D88-2ED6-43C4-8A24-688A0A9D5422}"
EndProject
Project("{9A19103F-16F7-4668-BE54-9A1E7A4F7556}") = "AI.VectorDatabase.Qdrant", "VectorDatabases\AI.VectorDatabases.Qdrant\AI.VectorDatabase.Qdrant.csproj", "{F9C6B042-1C42-46E3-B42C-AEE545099809}"
EndProject
Project("{2150E333-8FDC-42A3-9474-1A3956D46DE8}") = "Tests", "Tests", "{930C3329-24E2-4062-B97D-7E374BAA0732}"
EndProject
Project("{9A19103F-16F7-4668-BE54-9A1E7A4F7556}") = "Qdrant.Tests", "VectorDatabases\Tests\Qdrant.Tests\Qdrant.Tests.csproj", "{D1EDC36B-DC43-4B6A-946B-50D91A4ADE4D}"
EndProject
Project("{9A19103F-16F7-4668-BE54-9A1E7A4F7556}") = "AI.Caap.Tests", "ConversationAsAPlatform\Tests\AI.Caap.Tests\AI.Caap.Tests.csproj", "{F9EE5C46-899B-4F82-88A6-1E527732EA07}"
EndProject
Project("{9A19103F-16F7-4668-BE54-9A1E7A4F7556}") = "AI.CaaP", "ConversationAsAPlatform\AI.CaaP\AI.CaaP.csproj", "{46C98F64-A28D-4D2A-84B5-141E6276063B}"
EndProject
Project("{9A19103F-16F7-4668-BE54-9A1E7A4F7556}") = "AI.CaaP.Repository", "ConversationAsAPlatform\AI.CaaP.Repository\AI.CaaP.Repository.csproj", "{905260F0-6153-4939-A9A1-03CC16D7555C}"
EndProject
Project("{9A19103F-16F7-4668-BE54-9A1E7A4F7556}") = "AI.CaaP.WebAPI", "ConversationAsAPlatform\AI.CaaP.WebAPI\AI.CaaP.WebAPI.csproj", "{8AF9E45F-AF31-436F-A52B-38C27D5DF540}"
EndProject
Project("{9A19103F-16F7-4668-BE54-9A1E7A4F7556}") = "AI.Test.Support", "Libraries\AI.Test.Support\AI.Test.Support.csproj", "{7FA0D828-9A40-4943-AE43-53DFC45A4958}"
EndProject
Project("{9A19103F-16F7-4668-BE54-9A1E7A4F7556}") = "Embeddings.Qdrant.Tests", "VectorDatabases\Tests\Embeddings.Qdrant.Tests\Embeddings.Qdrant.Tests.csproj", "{45C7AC1D-15E2-4AC4-8837-C65B94F16D1E}"
EndProject
Project("{2150E333-8FDC-42A3-9474-1A3956D46DE8}") = "Solution Items", "Solution Items", "{D5CCAF46-AFEE-4AD7-AFEA-3EADA69927CE}"
	ProjectSection(SolutionItems) = preProject
		..\README.md = ..\README.md
	EndProjectSection
EndProject
Project("{2150E333-8FDC-42A3-9474-1A3956D46DE8}") = "SemanticKernel", "SemanticKernel", "{83D32A6A-E08B-4C8C-A991-E2B839BE3D6F}"
	ProjectSection(SolutionItems) = preProject
		README.md = README.md
	EndProjectSection
EndProject
Project("{2150E333-8FDC-42A3-9474-1A3956D46DE8}") = "FinancialAgents", "FinancialAgents", "{9FCD611C-72B6-44FC-A19B-7FF5CA72AB9D}"
	ProjectSection(SolutionItems) = preProject
		FinancialAgents\README.md = FinancialAgents\README.md
	EndProjectSection
EndProject
Project("{2150E333-8FDC-42A3-9474-1A3956D46DE8}") = "Tests", "Tests", "{B2864683-C195-471A-91BE-6E86A7E2331E}"
EndProject
Project("{9A19103F-16F7-4668-BE54-9A1E7A4F7556}") = "FinancialAgents.Tests", "FinancialAgents\Tests\FinancialAgents.Tests\FinancialAgents.Tests.csproj", "{7591A36E-6971-4D59-9846-CA765F1EE26E}"
EndProject
Project("{2150E333-8FDC-42A3-9474-1A3956D46DE8}") = "TensorFlow", "TensorFlow", "{8AEF073B-5837-43E9-82C1-BDE1BEBBAF88}"
EndProject
Project("{9A19103F-16F7-4668-BE54-9A1E7A4F7556}") = "LLamaSharp.Domain", "LLamaSharp\LLamaSharp.Domain\LLamaSharp.Domain.csproj", "{93ED6FF4-9B51-47ED-A522-E4BC91206AE3}"
EndProject
Project("{2150E333-8FDC-42A3-9474-1A3956D46DE8}") = "Tests", "Tests", "{B6195235-B673-4CFD-82D6-B0B61613FBFE}"
EndProject
Project("{2150E333-8FDC-42A3-9474-1A3956D46DE8}") = "Tests", "Tests", "{E209937D-6939-4835-BA0C-A34F594165E3}"
EndProject
Project("{2150E333-8FDC-42A3-9474-1A3956D46DE8}") = "Semantic.Memory.Kafka.Streaming.NewsFeed", "Semantic.Memory.Kafka.Streaming.NewsFeed", "{D0F34299-10DC-4128-8452-4E1B1C7CBAA1}"
EndProject
Project("{2150E333-8FDC-42A3-9474-1A3956D46DE8}") = "Libraries", "Libraries", "{3675DA68-4B47-4F6B-ABA9-A73BBE3D1FA6}"
EndProject
Project("{9A19103F-16F7-4668-BE54-9A1E7A4F7556}") = "AI.Library.Tests.Support.Tests", "Libraries\Tests\AI.Library.Tests.Support.Tests\AI.Library.Tests.Support.Tests.csproj", "{3B1D9E1E-97EE-47FC-86BA-92DE7EDE1097}"
EndProject
Project("{9A19103F-16F7-4668-BE54-9A1E7A4F7556}") = "AI.VectorDatabases.MemoryStore", "VectorDatabases\AI.VectorDatabases.MemoryStore\AI.VectorDatabases.MemoryStore.csproj", "{B8E31216-CADD-4C45-B22D-24A5BD581936}"
EndProject
Project("{2150E333-8FDC-42A3-9474-1A3956D46DE8}") = "Tests", "Tests", "{20C651E1-92A5-41AB-97B0-3877DC7471E3}"
EndProject
Project("{2150E333-8FDC-42A3-9474-1A3956D46DE8}") = "Semantic.Kernel", "Semantic.Kernel", "{10B387F3-0907-41E6-B3C9-8B22144FFE2F}"
EndProject
Project("{2150E333-8FDC-42A3-9474-1A3956D46DE8}") = "Tests", "Tests", "{5921FA23-D605-48B9-9490-94C888068245}"
EndProject
Project("{2150E333-8FDC-42A3-9474-1A3956D46DE8}") = "Semantic.Memory", "Semantic.Memory", "{6A99DDC0-204F-4739-BEF3-798DE65D510F}"
EndProject
Project("{2150E333-8FDC-42A3-9474-1A3956D46DE8}") = "Tests", "Tests", "{E5DBDCEE-CDF6-4376-B614-63EE214D29E1}"
EndProject
Project("{9A19103F-16F7-4668-BE54-9A1E7A4F7556}") = "SemanticKernel.Domain", "SemanticKernel\Semantic.Kernel\SemanticKernel.Domain\SemanticKernel.Domain.csproj", "{C1BA7EB1-16DA-473A-A31E-A4D40BCEF43A}"
EndProject
Project("{9A19103F-16F7-4668-BE54-9A1E7A4F7556}") = "Semantic.Memory.WebAPI", "SemanticKernel\Semantic.Memory\Semantic.Memory.WebAPI\Semantic.Memory.WebAPI.csproj", "{34585743-4128-4CE1-8E43-18045CC766F8}"
EndProject
Project("{9A19103F-16F7-4668-BE54-9A1E7A4F7556}") = "SemanticMemory.Tests", "SemanticKernel\Semantic.Memory\Tests\SemanticMemory.Tests\SemanticMemory.Tests.csproj", "{6F24D230-12DB-47E2-9B8A-CCB49D5D7AAB}"
EndProject
Project("{2150E333-8FDC-42A3-9474-1A3956D46DE8}") = "Semantic.Kernel.LlamaSharp", "Semantic.Kernel.LlamaSharp", "{B9382A80-9CEB-4014-90CF-CCA6656F2003}"
EndProject
Project("{2150E333-8FDC-42A3-9474-1A3956D46DE8}") = "Examples", "Examples", "{C921A759-450F-447D-B42F-334974DA525D}"
EndProject
Project("{2150E333-8FDC-42A3-9474-1A3956D46DE8}") = "Examples", "Examples", "{BF765FFD-3C87-46DE-A956-B1E0CAD8B20E}"
EndProject
Project("{2150E333-8FDC-42A3-9474-1A3956D46DE8}") = "Examples", "Examples", "{5D9C2E8B-46F0-45A2-9865-A56CEBAD2578}"
EndProject
Project("{2150E333-8FDC-42A3-9474-1A3956D46DE8}") = "ImageClassification", "ImageClassification", "{F7BC5B9C-3947-4895-AF83-BC5462A64220}"
EndProject
Project("{2150E333-8FDC-42A3-9474-1A3956D46DE8}") = "TensorFlow-ImageClassification", "TensorFlow-ImageClassification", "{47F74063-21C4-4BAB-A691-FBB7BC7664BB}"
EndProject
Project("{2150E333-8FDC-42A3-9474-1A3956D46DE8}") = "Tests", "Tests", "{215F2AF5-5423-422D-9428-607280D33981}"
EndProject
Project("{9A19103F-16F7-4668-BE54-9A1E7A4F7556}") = "ML.TensorFlowApp.WebAPI", "TensorFlow\Examples\ML.TensorFlowApp.WebAPI\ML.TensorFlowApp.WebAPI.csproj", "{A64CB632-B5F8-475C-B0B3-F0133A6AE28E}"
EndProject
Project("{9A19103F-16F7-4668-BE54-9A1E7A4F7556}") = "TensorFlowApp.WebAPI", "TensorFlow\Examples\TensorFlowApp.WebAPI\TensorFlowApp.WebAPI.csproj", "{882D258C-A17C-47C7-B5C0-269643551940}"
EndProject
Project("{9A19103F-16F7-4668-BE54-9A1E7A4F7556}") = "ImageClassification.Domain", "TensorFlow\ImageClassification.Domain\ImageClassification.Domain.csproj", "{0DD74B9F-89BA-49E2-A0C7-D8BD1F8921FE}"
EndProject
Project("{9A19103F-16F7-4668-BE54-9A1E7A4F7556}") = "TensorFlow.ImageClassification.Domain", "TensorFlow\TensorFlow-ImageClassification\TensorFlow.ImageClassification.Domain\TensorFlow.ImageClassification.Domain.csproj", "{C1C1DC04-591B-4660-BD08-46706F04BE44}"
EndProject
Project("{9A19103F-16F7-4668-BE54-9A1E7A4F7556}") = "TensorFlow.Net.ImageClassification.Tests", "TensorFlow\TensorFlow-ImageClassification\Tests\TensorFlow.Net.ImageClassification.Tests\TensorFlow.Net.ImageClassification.Tests.csproj", "{0B2DCD5A-A6E3-4C64-8570-86C2669B58E5}"
EndProject
Project("{9A19103F-16F7-4668-BE54-9A1E7A4F7556}") = "ML.Net.ImageClassification.Tests", "TensorFlow\ML.Net.ImageClassification\Tests\ML.Net.ImageClassification.Tests\ML.Net.ImageClassification.Tests.csproj", "{672E3C6F-E32F-47A8-8E6D-BABC6BA8B6C8}"
EndProject
Project("{9A19103F-16F7-4668-BE54-9A1E7A4F7556}") = "Ml.Net.ImageClassification.Domain", "TensorFlow\ML.Net.ImageClassification\Ml.Net.ImageClassification.Domain\Ml.Net.ImageClassification.Domain.csproj", "{8D627978-DB16-46E5-A94D-95520E29C6D9}"
EndProject
Project("{9A19103F-16F7-4668-BE54-9A1E7A4F7556}") = "Semantic.Memory.Kafka.Streaming.NewsFeed", "SemanticKernel\Semantic.Memory\Semantic.Memory.Kafka.Streaming.NewsFeed\Semantic.Memory.Kafka.Streaming.NewsFeed\Semantic.Memory.Kafka.Streaming.NewsFeed.csproj", "{FC424F07-3128-45DF-B5AF-EEB95BEE7C8C}"
EndProject
Project("{9A19103F-16F7-4668-BE54-9A1E7A4F7556}") = "Semantic.Memory.Kafka.Streaming.NewsFeed.Tests", "SemanticKernel\Semantic.Memory\Semantic.Memory.Kafka.Streaming.NewsFeed\Tests\Semantic.Memory.Kafka.Streaming.NewsFeed.Tests\Semantic.Memory.Kafka.Streaming.NewsFeed.Tests.csproj", "{3A1C7F50-456B-44C2-AA7D-62B36F4FA4F4}"
EndProject
Project("{9A19103F-16F7-4668-BE54-9A1E7A4F7556}") = "Semantic.Memory.Domain", "SemanticKernel\Semantic.Memory\Semantic.Memory.Domain\Semantic.Memory.Domain.csproj", "{2E2A9C4B-9EA5-43B3-9C1E-23AE4720E05E}"
EndProject
Project("{9A19103F-16F7-4668-BE54-9A1E7A4F7556}") = "SemanticKernel.Tests", "SemanticKernel\Semantic.Kernel\Tests\SemanticKernel.Tests\SemanticKernel.Tests.csproj", "{2CC0858C-7ADA-46FF-9FBD-71496F43CD85}"
EndProject
Project("{9A19103F-16F7-4668-BE54-9A1E7A4F7556}") = "ChatGPT.Console.App", "OpenAI\Examples\ChatGPT.Console.App\ChatGPT.Console.App.csproj", "{84A6A396-B7B2-4128-9490-049E612EADF5}"
EndProject
Project("{9A19103F-16F7-4668-BE54-9A1E7A4F7556}") = "ChatGPT.Wpf.App", "OpenAI\Examples\ChatGPT.Wpf.App\ChatGPT.Wpf.App.csproj", "{9E1C8093-DA16-439F-92D7-A21D0805371D}"
EndProject
Project("{9A19103F-16F7-4668-BE54-9A1E7A4F7556}") = "AI.CaaP.Client", "ConversationAsAPlatform\Examples\AI.CaaP.Client\AI.CaaP.Client.csproj", "{1AA146C7-B38E-4C75-962D-AB872D0CAEAB}"
EndProject
Project("{2150E333-8FDC-42A3-9474-1A3956D46DE8}") = "Tests", "Tests", "{6067DD10-5A6E-4EF1-9817-E0F85FACCD0D}"
EndProject
Project("{9A19103F-16F7-4668-BE54-9A1E7A4F7556}") = "Semantic.Kernel..LlamaSharp.Tests", "Semantic.Kernel.LlamaSharp\Tests\Semantic.Kernel.LlamaSharp.Tests\Semantic.Kernel..LlamaSharp.Tests.csproj", "{0EC7ADF9-2262-47B2-8CBC-ED20BB539AC7}"
EndProject
Project("{9A19103F-16F7-4668-BE54-9A1E7A4F7556}") = "LLamaSharp.SemanticKernel", "Semantic.Kernel.LlamaSharp\LLama.SemanticKernel\LLamaSharp.SemanticKernel.csproj", "{57410C92-BAF4-4FD1-B60B-658D84A6D9C5}"
EndProject
Project("{9A19103F-16F7-4668-BE54-9A1E7A4F7556}") = "LLamaSharp.WebAPI.Client", "LLamaSharp\LLamaSharp.WebAPI.Client\LLamaSharp.WebAPI.Client.csproj", "{EDB2F4BA-3CEB-4294-BC24-65F26135056F}"
EndProject
Global
	GlobalSection(SolutionConfigurationPlatforms) = preSolution
		Debug|Any CPU = Debug|Any CPU
		Debug|Arm64 = Debug|Arm64
		Debug|x64 = Debug|x64
		GPU|Any CPU = GPU|Any CPU
		GPU|Arm64 = GPU|Arm64
		GPU|x64 = GPU|x64
		Release|Any CPU = Release|Any CPU
		Release|Arm64 = Release|Arm64
		Release|x64 = Release|x64
	EndGlobalSection
	GlobalSection(ProjectConfigurationPlatforms) = postSolution
		{3E93648B-93F2-4592-9EB2-AC87B3931C91}.Debug|Any CPU.ActiveCfg = Debug|Any CPU
		{3E93648B-93F2-4592-9EB2-AC87B3931C91}.Debug|Any CPU.Build.0 = Debug|Any CPU
		{3E93648B-93F2-4592-9EB2-AC87B3931C91}.Debug|Arm64.ActiveCfg = Debug|Any CPU
		{3E93648B-93F2-4592-9EB2-AC87B3931C91}.Debug|Arm64.Build.0 = Debug|Any CPU
		{3E93648B-93F2-4592-9EB2-AC87B3931C91}.Debug|x64.ActiveCfg = Debug|Any CPU
		{3E93648B-93F2-4592-9EB2-AC87B3931C91}.Debug|x64.Build.0 = Debug|Any CPU
		{3E93648B-93F2-4592-9EB2-AC87B3931C91}.GPU|Any CPU.ActiveCfg = Release|Any CPU
		{3E93648B-93F2-4592-9EB2-AC87B3931C91}.GPU|Any CPU.Build.0 = Release|Any CPU
		{3E93648B-93F2-4592-9EB2-AC87B3931C91}.GPU|Arm64.ActiveCfg = Release|Any CPU
		{3E93648B-93F2-4592-9EB2-AC87B3931C91}.GPU|Arm64.Build.0 = Release|Any CPU
		{3E93648B-93F2-4592-9EB2-AC87B3931C91}.GPU|x64.ActiveCfg = Release|Any CPU
		{3E93648B-93F2-4592-9EB2-AC87B3931C91}.GPU|x64.Build.0 = Release|Any CPU
		{3E93648B-93F2-4592-9EB2-AC87B3931C91}.Release|Any CPU.ActiveCfg = Release|Any CPU
		{3E93648B-93F2-4592-9EB2-AC87B3931C91}.Release|Any CPU.Build.0 = Release|Any CPU
		{3E93648B-93F2-4592-9EB2-AC87B3931C91}.Release|Arm64.ActiveCfg = Release|Any CPU
		{3E93648B-93F2-4592-9EB2-AC87B3931C91}.Release|Arm64.Build.0 = Release|Any CPU
		{3E93648B-93F2-4592-9EB2-AC87B3931C91}.Release|x64.ActiveCfg = Release|Any CPU
		{3E93648B-93F2-4592-9EB2-AC87B3931C91}.Release|x64.Build.0 = Release|Any CPU
		{D36D8993-5F90-40BC-BCE3-9ED482874871}.Debug|Any CPU.ActiveCfg = Debug|Any CPU
		{D36D8993-5F90-40BC-BCE3-9ED482874871}.Debug|Any CPU.Build.0 = Debug|Any CPU
		{D36D8993-5F90-40BC-BCE3-9ED482874871}.Debug|Arm64.ActiveCfg = Debug|Any CPU
		{D36D8993-5F90-40BC-BCE3-9ED482874871}.Debug|Arm64.Build.0 = Debug|Any CPU
		{D36D8993-5F90-40BC-BCE3-9ED482874871}.Debug|x64.ActiveCfg = Debug|Any CPU
		{D36D8993-5F90-40BC-BCE3-9ED482874871}.Debug|x64.Build.0 = Debug|Any CPU
		{D36D8993-5F90-40BC-BCE3-9ED482874871}.GPU|Any CPU.ActiveCfg = Release|Any CPU
		{D36D8993-5F90-40BC-BCE3-9ED482874871}.GPU|Any CPU.Build.0 = Release|Any CPU
		{D36D8993-5F90-40BC-BCE3-9ED482874871}.GPU|Arm64.ActiveCfg = Release|Any CPU
		{D36D8993-5F90-40BC-BCE3-9ED482874871}.GPU|Arm64.Build.0 = Release|Any CPU
		{D36D8993-5F90-40BC-BCE3-9ED482874871}.GPU|x64.ActiveCfg = Release|Any CPU
		{D36D8993-5F90-40BC-BCE3-9ED482874871}.GPU|x64.Build.0 = Release|Any CPU
		{D36D8993-5F90-40BC-BCE3-9ED482874871}.Release|Any CPU.ActiveCfg = Release|Any CPU
		{D36D8993-5F90-40BC-BCE3-9ED482874871}.Release|Any CPU.Build.0 = Release|Any CPU
		{D36D8993-5F90-40BC-BCE3-9ED482874871}.Release|Arm64.ActiveCfg = Release|Any CPU
		{D36D8993-5F90-40BC-BCE3-9ED482874871}.Release|Arm64.Build.0 = Release|Any CPU
		{D36D8993-5F90-40BC-BCE3-9ED482874871}.Release|x64.ActiveCfg = Release|Any CPU
		{D36D8993-5F90-40BC-BCE3-9ED482874871}.Release|x64.Build.0 = Release|Any CPU
		{10DD88DB-DE5A-481E-BB88-25D0BD544E12}.Debug|Any CPU.ActiveCfg = Debug|Any CPU
		{10DD88DB-DE5A-481E-BB88-25D0BD544E12}.Debug|Any CPU.Build.0 = Debug|Any CPU
		{10DD88DB-DE5A-481E-BB88-25D0BD544E12}.Debug|Arm64.ActiveCfg = Debug|Any CPU
		{10DD88DB-DE5A-481E-BB88-25D0BD544E12}.Debug|Arm64.Build.0 = Debug|Any CPU
		{10DD88DB-DE5A-481E-BB88-25D0BD544E12}.Debug|x64.ActiveCfg = Debug|Any CPU
		{10DD88DB-DE5A-481E-BB88-25D0BD544E12}.Debug|x64.Build.0 = Debug|Any CPU
		{10DD88DB-DE5A-481E-BB88-25D0BD544E12}.GPU|Any CPU.ActiveCfg = Release|Any CPU
		{10DD88DB-DE5A-481E-BB88-25D0BD544E12}.GPU|Any CPU.Build.0 = Release|Any CPU
		{10DD88DB-DE5A-481E-BB88-25D0BD544E12}.GPU|Arm64.ActiveCfg = Release|Any CPU
		{10DD88DB-DE5A-481E-BB88-25D0BD544E12}.GPU|Arm64.Build.0 = Release|Any CPU
		{10DD88DB-DE5A-481E-BB88-25D0BD544E12}.GPU|x64.ActiveCfg = Release|Any CPU
		{10DD88DB-DE5A-481E-BB88-25D0BD544E12}.GPU|x64.Build.0 = Release|Any CPU
		{10DD88DB-DE5A-481E-BB88-25D0BD544E12}.Release|Any CPU.ActiveCfg = Release|Any CPU
		{10DD88DB-DE5A-481E-BB88-25D0BD544E12}.Release|Any CPU.Build.0 = Release|Any CPU
		{10DD88DB-DE5A-481E-BB88-25D0BD544E12}.Release|Arm64.ActiveCfg = Release|Any CPU
		{10DD88DB-DE5A-481E-BB88-25D0BD544E12}.Release|Arm64.Build.0 = Release|Any CPU
		{10DD88DB-DE5A-481E-BB88-25D0BD544E12}.Release|x64.ActiveCfg = Release|Any CPU
		{10DD88DB-DE5A-481E-BB88-25D0BD544E12}.Release|x64.Build.0 = Release|Any CPU
		{63270AE1-24D2-4AB3-ABEC-DF0227C611FA}.Debug|Any CPU.ActiveCfg = Debug|Any CPU
		{63270AE1-24D2-4AB3-ABEC-DF0227C611FA}.Debug|Any CPU.Build.0 = Debug|Any CPU
		{63270AE1-24D2-4AB3-ABEC-DF0227C611FA}.Debug|Arm64.ActiveCfg = Debug|Any CPU
		{63270AE1-24D2-4AB3-ABEC-DF0227C611FA}.Debug|Arm64.Build.0 = Debug|Any CPU
		{63270AE1-24D2-4AB3-ABEC-DF0227C611FA}.Debug|x64.ActiveCfg = Debug|Any CPU
		{63270AE1-24D2-4AB3-ABEC-DF0227C611FA}.Debug|x64.Build.0 = Debug|Any CPU
		{63270AE1-24D2-4AB3-ABEC-DF0227C611FA}.GPU|Any CPU.ActiveCfg = Release|Any CPU
		{63270AE1-24D2-4AB3-ABEC-DF0227C611FA}.GPU|Any CPU.Build.0 = Release|Any CPU
		{63270AE1-24D2-4AB3-ABEC-DF0227C611FA}.GPU|Arm64.ActiveCfg = Release|Any CPU
		{63270AE1-24D2-4AB3-ABEC-DF0227C611FA}.GPU|Arm64.Build.0 = Release|Any CPU
		{63270AE1-24D2-4AB3-ABEC-DF0227C611FA}.GPU|x64.ActiveCfg = Release|Any CPU
		{63270AE1-24D2-4AB3-ABEC-DF0227C611FA}.GPU|x64.Build.0 = Release|Any CPU
		{63270AE1-24D2-4AB3-ABEC-DF0227C611FA}.Release|Any CPU.ActiveCfg = Release|Any CPU
		{63270AE1-24D2-4AB3-ABEC-DF0227C611FA}.Release|Any CPU.Build.0 = Release|Any CPU
		{63270AE1-24D2-4AB3-ABEC-DF0227C611FA}.Release|Arm64.ActiveCfg = Release|Any CPU
		{63270AE1-24D2-4AB3-ABEC-DF0227C611FA}.Release|Arm64.Build.0 = Release|Any CPU
		{63270AE1-24D2-4AB3-ABEC-DF0227C611FA}.Release|x64.ActiveCfg = Release|Any CPU
		{63270AE1-24D2-4AB3-ABEC-DF0227C611FA}.Release|x64.Build.0 = Release|Any CPU
		{11FF0A14-DD56-42C1-B2CA-AEBF9FEF3EB9}.Debug|Any CPU.ActiveCfg = Debug|Any CPU
		{11FF0A14-DD56-42C1-B2CA-AEBF9FEF3EB9}.Debug|Any CPU.Build.0 = Debug|Any CPU
		{11FF0A14-DD56-42C1-B2CA-AEBF9FEF3EB9}.Debug|Arm64.ActiveCfg = Debug|Any CPU
		{11FF0A14-DD56-42C1-B2CA-AEBF9FEF3EB9}.Debug|Arm64.Build.0 = Debug|Any CPU
		{11FF0A14-DD56-42C1-B2CA-AEBF9FEF3EB9}.Debug|x64.ActiveCfg = Debug|Any CPU
		{11FF0A14-DD56-42C1-B2CA-AEBF9FEF3EB9}.Debug|x64.Build.0 = Debug|Any CPU
		{11FF0A14-DD56-42C1-B2CA-AEBF9FEF3EB9}.GPU|Any CPU.ActiveCfg = Release|Any CPU
		{11FF0A14-DD56-42C1-B2CA-AEBF9FEF3EB9}.GPU|Any CPU.Build.0 = Release|Any CPU
		{11FF0A14-DD56-42C1-B2CA-AEBF9FEF3EB9}.GPU|Arm64.ActiveCfg = Release|Any CPU
		{11FF0A14-DD56-42C1-B2CA-AEBF9FEF3EB9}.GPU|Arm64.Build.0 = Release|Any CPU
		{11FF0A14-DD56-42C1-B2CA-AEBF9FEF3EB9}.GPU|x64.ActiveCfg = Release|Any CPU
		{11FF0A14-DD56-42C1-B2CA-AEBF9FEF3EB9}.GPU|x64.Build.0 = Release|Any CPU
		{11FF0A14-DD56-42C1-B2CA-AEBF9FEF3EB9}.Release|Any CPU.ActiveCfg = Release|Any CPU
		{11FF0A14-DD56-42C1-B2CA-AEBF9FEF3EB9}.Release|Any CPU.Build.0 = Release|Any CPU
		{11FF0A14-DD56-42C1-B2CA-AEBF9FEF3EB9}.Release|Arm64.ActiveCfg = Release|Any CPU
		{11FF0A14-DD56-42C1-B2CA-AEBF9FEF3EB9}.Release|Arm64.Build.0 = Release|Any CPU
		{11FF0A14-DD56-42C1-B2CA-AEBF9FEF3EB9}.Release|x64.ActiveCfg = Release|Any CPU
		{11FF0A14-DD56-42C1-B2CA-AEBF9FEF3EB9}.Release|x64.Build.0 = Release|Any CPU
		{C5BD5080-E92E-416D-8FE3-AD554C175122}.Debug|Any CPU.ActiveCfg = Debug|Any CPU
		{C5BD5080-E92E-416D-8FE3-AD554C175122}.Debug|Any CPU.Build.0 = Debug|Any CPU
		{C5BD5080-E92E-416D-8FE3-AD554C175122}.Debug|Arm64.ActiveCfg = Debug|Any CPU
		{C5BD5080-E92E-416D-8FE3-AD554C175122}.Debug|Arm64.Build.0 = Debug|Any CPU
		{C5BD5080-E92E-416D-8FE3-AD554C175122}.Debug|x64.ActiveCfg = Debug|Any CPU
		{C5BD5080-E92E-416D-8FE3-AD554C175122}.Debug|x64.Build.0 = Debug|Any CPU
		{C5BD5080-E92E-416D-8FE3-AD554C175122}.GPU|Any CPU.ActiveCfg = Release|Any CPU
		{C5BD5080-E92E-416D-8FE3-AD554C175122}.GPU|Any CPU.Build.0 = Release|Any CPU
		{C5BD5080-E92E-416D-8FE3-AD554C175122}.GPU|Arm64.ActiveCfg = Release|Any CPU
		{C5BD5080-E92E-416D-8FE3-AD554C175122}.GPU|Arm64.Build.0 = Release|Any CPU
		{C5BD5080-E92E-416D-8FE3-AD554C175122}.GPU|x64.ActiveCfg = Release|Any CPU
		{C5BD5080-E92E-416D-8FE3-AD554C175122}.GPU|x64.Build.0 = Release|Any CPU
		{C5BD5080-E92E-416D-8FE3-AD554C175122}.Release|Any CPU.ActiveCfg = Release|Any CPU
		{C5BD5080-E92E-416D-8FE3-AD554C175122}.Release|Any CPU.Build.0 = Release|Any CPU
		{C5BD5080-E92E-416D-8FE3-AD554C175122}.Release|Arm64.ActiveCfg = Release|Any CPU
		{C5BD5080-E92E-416D-8FE3-AD554C175122}.Release|Arm64.Build.0 = Release|Any CPU
		{C5BD5080-E92E-416D-8FE3-AD554C175122}.Release|x64.ActiveCfg = Release|Any CPU
		{C5BD5080-E92E-416D-8FE3-AD554C175122}.Release|x64.Build.0 = Release|Any CPU
		{F9C6B042-1C42-46E3-B42C-AEE545099809}.Debug|Any CPU.ActiveCfg = Debug|Any CPU
		{F9C6B042-1C42-46E3-B42C-AEE545099809}.Debug|Any CPU.Build.0 = Debug|Any CPU
		{F9C6B042-1C42-46E3-B42C-AEE545099809}.Debug|Arm64.ActiveCfg = Debug|Any CPU
		{F9C6B042-1C42-46E3-B42C-AEE545099809}.Debug|Arm64.Build.0 = Debug|Any CPU
		{F9C6B042-1C42-46E3-B42C-AEE545099809}.Debug|x64.ActiveCfg = Debug|Any CPU
		{F9C6B042-1C42-46E3-B42C-AEE545099809}.Debug|x64.Build.0 = Debug|Any CPU
		{F9C6B042-1C42-46E3-B42C-AEE545099809}.GPU|Any CPU.ActiveCfg = Release|Any CPU
		{F9C6B042-1C42-46E3-B42C-AEE545099809}.GPU|Any CPU.Build.0 = Release|Any CPU
		{F9C6B042-1C42-46E3-B42C-AEE545099809}.GPU|Arm64.ActiveCfg = Release|Any CPU
		{F9C6B042-1C42-46E3-B42C-AEE545099809}.GPU|Arm64.Build.0 = Release|Any CPU
		{F9C6B042-1C42-46E3-B42C-AEE545099809}.GPU|x64.ActiveCfg = Release|Any CPU
		{F9C6B042-1C42-46E3-B42C-AEE545099809}.GPU|x64.Build.0 = Release|Any CPU
		{F9C6B042-1C42-46E3-B42C-AEE545099809}.Release|Any CPU.ActiveCfg = Release|Any CPU
		{F9C6B042-1C42-46E3-B42C-AEE545099809}.Release|Any CPU.Build.0 = Release|Any CPU
		{F9C6B042-1C42-46E3-B42C-AEE545099809}.Release|Arm64.ActiveCfg = Release|Any CPU
		{F9C6B042-1C42-46E3-B42C-AEE545099809}.Release|Arm64.Build.0 = Release|Any CPU
		{F9C6B042-1C42-46E3-B42C-AEE545099809}.Release|x64.ActiveCfg = Release|Any CPU
		{F9C6B042-1C42-46E3-B42C-AEE545099809}.Release|x64.Build.0 = Release|Any CPU
		{D1EDC36B-DC43-4B6A-946B-50D91A4ADE4D}.Debug|Any CPU.ActiveCfg = Debug|Any CPU
		{D1EDC36B-DC43-4B6A-946B-50D91A4ADE4D}.Debug|Any CPU.Build.0 = Debug|Any CPU
		{D1EDC36B-DC43-4B6A-946B-50D91A4ADE4D}.Debug|Arm64.ActiveCfg = Debug|Any CPU
		{D1EDC36B-DC43-4B6A-946B-50D91A4ADE4D}.Debug|Arm64.Build.0 = Debug|Any CPU
		{D1EDC36B-DC43-4B6A-946B-50D91A4ADE4D}.Debug|x64.ActiveCfg = Debug|Any CPU
		{D1EDC36B-DC43-4B6A-946B-50D91A4ADE4D}.Debug|x64.Build.0 = Debug|Any CPU
		{D1EDC36B-DC43-4B6A-946B-50D91A4ADE4D}.GPU|Any CPU.ActiveCfg = Release|Any CPU
		{D1EDC36B-DC43-4B6A-946B-50D91A4ADE4D}.GPU|Any CPU.Build.0 = Release|Any CPU
		{D1EDC36B-DC43-4B6A-946B-50D91A4ADE4D}.GPU|Arm64.ActiveCfg = Release|Any CPU
		{D1EDC36B-DC43-4B6A-946B-50D91A4ADE4D}.GPU|Arm64.Build.0 = Release|Any CPU
		{D1EDC36B-DC43-4B6A-946B-50D91A4ADE4D}.GPU|x64.ActiveCfg = Release|Any CPU
		{D1EDC36B-DC43-4B6A-946B-50D91A4ADE4D}.GPU|x64.Build.0 = Release|Any CPU
		{D1EDC36B-DC43-4B6A-946B-50D91A4ADE4D}.Release|Any CPU.ActiveCfg = Release|Any CPU
		{D1EDC36B-DC43-4B6A-946B-50D91A4ADE4D}.Release|Any CPU.Build.0 = Release|Any CPU
		{D1EDC36B-DC43-4B6A-946B-50D91A4ADE4D}.Release|Arm64.ActiveCfg = Release|Any CPU
		{D1EDC36B-DC43-4B6A-946B-50D91A4ADE4D}.Release|Arm64.Build.0 = Release|Any CPU
		{D1EDC36B-DC43-4B6A-946B-50D91A4ADE4D}.Release|x64.ActiveCfg = Release|Any CPU
		{D1EDC36B-DC43-4B6A-946B-50D91A4ADE4D}.Release|x64.Build.0 = Release|Any CPU
		{F9EE5C46-899B-4F82-88A6-1E527732EA07}.Debug|Any CPU.ActiveCfg = Debug|Any CPU
		{F9EE5C46-899B-4F82-88A6-1E527732EA07}.Debug|Any CPU.Build.0 = Debug|Any CPU
		{F9EE5C46-899B-4F82-88A6-1E527732EA07}.Debug|Arm64.ActiveCfg = Debug|Any CPU
		{F9EE5C46-899B-4F82-88A6-1E527732EA07}.Debug|Arm64.Build.0 = Debug|Any CPU
		{F9EE5C46-899B-4F82-88A6-1E527732EA07}.Debug|x64.ActiveCfg = Debug|Any CPU
		{F9EE5C46-899B-4F82-88A6-1E527732EA07}.Debug|x64.Build.0 = Debug|Any CPU
		{F9EE5C46-899B-4F82-88A6-1E527732EA07}.GPU|Any CPU.ActiveCfg = Release|Any CPU
		{F9EE5C46-899B-4F82-88A6-1E527732EA07}.GPU|Any CPU.Build.0 = Release|Any CPU
		{F9EE5C46-899B-4F82-88A6-1E527732EA07}.GPU|Arm64.ActiveCfg = Release|Any CPU
		{F9EE5C46-899B-4F82-88A6-1E527732EA07}.GPU|Arm64.Build.0 = Release|Any CPU
		{F9EE5C46-899B-4F82-88A6-1E527732EA07}.GPU|x64.ActiveCfg = Release|Any CPU
		{F9EE5C46-899B-4F82-88A6-1E527732EA07}.GPU|x64.Build.0 = Release|Any CPU
		{F9EE5C46-899B-4F82-88A6-1E527732EA07}.Release|Any CPU.ActiveCfg = Release|Any CPU
		{F9EE5C46-899B-4F82-88A6-1E527732EA07}.Release|Any CPU.Build.0 = Release|Any CPU
		{F9EE5C46-899B-4F82-88A6-1E527732EA07}.Release|Arm64.ActiveCfg = Release|Any CPU
		{F9EE5C46-899B-4F82-88A6-1E527732EA07}.Release|Arm64.Build.0 = Release|Any CPU
		{F9EE5C46-899B-4F82-88A6-1E527732EA07}.Release|x64.ActiveCfg = Release|Any CPU
		{F9EE5C46-899B-4F82-88A6-1E527732EA07}.Release|x64.Build.0 = Release|Any CPU
		{46C98F64-A28D-4D2A-84B5-141E6276063B}.Debug|Any CPU.ActiveCfg = Debug|Any CPU
		{46C98F64-A28D-4D2A-84B5-141E6276063B}.Debug|Any CPU.Build.0 = Debug|Any CPU
		{46C98F64-A28D-4D2A-84B5-141E6276063B}.Debug|Arm64.ActiveCfg = Debug|Any CPU
		{46C98F64-A28D-4D2A-84B5-141E6276063B}.Debug|Arm64.Build.0 = Debug|Any CPU
		{46C98F64-A28D-4D2A-84B5-141E6276063B}.Debug|x64.ActiveCfg = Debug|Any CPU
		{46C98F64-A28D-4D2A-84B5-141E6276063B}.Debug|x64.Build.0 = Debug|Any CPU
		{46C98F64-A28D-4D2A-84B5-141E6276063B}.GPU|Any CPU.ActiveCfg = Release|Any CPU
		{46C98F64-A28D-4D2A-84B5-141E6276063B}.GPU|Any CPU.Build.0 = Release|Any CPU
		{46C98F64-A28D-4D2A-84B5-141E6276063B}.GPU|Arm64.ActiveCfg = Release|Any CPU
		{46C98F64-A28D-4D2A-84B5-141E6276063B}.GPU|Arm64.Build.0 = Release|Any CPU
		{46C98F64-A28D-4D2A-84B5-141E6276063B}.GPU|x64.ActiveCfg = Release|Any CPU
		{46C98F64-A28D-4D2A-84B5-141E6276063B}.GPU|x64.Build.0 = Release|Any CPU
		{46C98F64-A28D-4D2A-84B5-141E6276063B}.Release|Any CPU.ActiveCfg = Release|Any CPU
		{46C98F64-A28D-4D2A-84B5-141E6276063B}.Release|Any CPU.Build.0 = Release|Any CPU
		{46C98F64-A28D-4D2A-84B5-141E6276063B}.Release|Arm64.ActiveCfg = Release|Any CPU
		{46C98F64-A28D-4D2A-84B5-141E6276063B}.Release|Arm64.Build.0 = Release|Any CPU
		{46C98F64-A28D-4D2A-84B5-141E6276063B}.Release|x64.ActiveCfg = Release|Any CPU
		{46C98F64-A28D-4D2A-84B5-141E6276063B}.Release|x64.Build.0 = Release|Any CPU
		{905260F0-6153-4939-A9A1-03CC16D7555C}.Debug|Any CPU.ActiveCfg = Debug|Any CPU
		{905260F0-6153-4939-A9A1-03CC16D7555C}.Debug|Any CPU.Build.0 = Debug|Any CPU
		{905260F0-6153-4939-A9A1-03CC16D7555C}.Debug|Arm64.ActiveCfg = Debug|Any CPU
		{905260F0-6153-4939-A9A1-03CC16D7555C}.Debug|Arm64.Build.0 = Debug|Any CPU
		{905260F0-6153-4939-A9A1-03CC16D7555C}.Debug|x64.ActiveCfg = Debug|Any CPU
		{905260F0-6153-4939-A9A1-03CC16D7555C}.Debug|x64.Build.0 = Debug|Any CPU
		{905260F0-6153-4939-A9A1-03CC16D7555C}.GPU|Any CPU.ActiveCfg = Release|Any CPU
		{905260F0-6153-4939-A9A1-03CC16D7555C}.GPU|Any CPU.Build.0 = Release|Any CPU
		{905260F0-6153-4939-A9A1-03CC16D7555C}.GPU|Arm64.ActiveCfg = Release|Any CPU
		{905260F0-6153-4939-A9A1-03CC16D7555C}.GPU|Arm64.Build.0 = Release|Any CPU
		{905260F0-6153-4939-A9A1-03CC16D7555C}.GPU|x64.ActiveCfg = Release|Any CPU
		{905260F0-6153-4939-A9A1-03CC16D7555C}.GPU|x64.Build.0 = Release|Any CPU
		{905260F0-6153-4939-A9A1-03CC16D7555C}.Release|Any CPU.ActiveCfg = Release|Any CPU
		{905260F0-6153-4939-A9A1-03CC16D7555C}.Release|Any CPU.Build.0 = Release|Any CPU
		{905260F0-6153-4939-A9A1-03CC16D7555C}.Release|Arm64.ActiveCfg = Release|Any CPU
		{905260F0-6153-4939-A9A1-03CC16D7555C}.Release|Arm64.Build.0 = Release|Any CPU
		{905260F0-6153-4939-A9A1-03CC16D7555C}.Release|x64.ActiveCfg = Release|Any CPU
		{905260F0-6153-4939-A9A1-03CC16D7555C}.Release|x64.Build.0 = Release|Any CPU
		{8AF9E45F-AF31-436F-A52B-38C27D5DF540}.Debug|Any CPU.ActiveCfg = Debug|Any CPU
		{8AF9E45F-AF31-436F-A52B-38C27D5DF540}.Debug|Any CPU.Build.0 = Debug|Any CPU
		{8AF9E45F-AF31-436F-A52B-38C27D5DF540}.Debug|Arm64.ActiveCfg = Debug|Any CPU
		{8AF9E45F-AF31-436F-A52B-38C27D5DF540}.Debug|Arm64.Build.0 = Debug|Any CPU
		{8AF9E45F-AF31-436F-A52B-38C27D5DF540}.Debug|x64.ActiveCfg = Debug|Any CPU
		{8AF9E45F-AF31-436F-A52B-38C27D5DF540}.Debug|x64.Build.0 = Debug|Any CPU
		{8AF9E45F-AF31-436F-A52B-38C27D5DF540}.GPU|Any CPU.ActiveCfg = Release|Any CPU
		{8AF9E45F-AF31-436F-A52B-38C27D5DF540}.GPU|Any CPU.Build.0 = Release|Any CPU
		{8AF9E45F-AF31-436F-A52B-38C27D5DF540}.GPU|Arm64.ActiveCfg = Release|Any CPU
		{8AF9E45F-AF31-436F-A52B-38C27D5DF540}.GPU|Arm64.Build.0 = Release|Any CPU
		{8AF9E45F-AF31-436F-A52B-38C27D5DF540}.GPU|x64.ActiveCfg = Release|Any CPU
		{8AF9E45F-AF31-436F-A52B-38C27D5DF540}.GPU|x64.Build.0 = Release|Any CPU
		{8AF9E45F-AF31-436F-A52B-38C27D5DF540}.Release|Any CPU.ActiveCfg = Release|Any CPU
		{8AF9E45F-AF31-436F-A52B-38C27D5DF540}.Release|Any CPU.Build.0 = Release|Any CPU
		{8AF9E45F-AF31-436F-A52B-38C27D5DF540}.Release|Arm64.ActiveCfg = Release|Any CPU
		{8AF9E45F-AF31-436F-A52B-38C27D5DF540}.Release|Arm64.Build.0 = Release|Any CPU
		{8AF9E45F-AF31-436F-A52B-38C27D5DF540}.Release|x64.ActiveCfg = Release|Any CPU
		{8AF9E45F-AF31-436F-A52B-38C27D5DF540}.Release|x64.Build.0 = Release|Any CPU
		{7FA0D828-9A40-4943-AE43-53DFC45A4958}.Debug|Any CPU.ActiveCfg = Debug|Any CPU
		{7FA0D828-9A40-4943-AE43-53DFC45A4958}.Debug|Any CPU.Build.0 = Debug|Any CPU
		{7FA0D828-9A40-4943-AE43-53DFC45A4958}.Debug|Arm64.ActiveCfg = Debug|Any CPU
		{7FA0D828-9A40-4943-AE43-53DFC45A4958}.Debug|Arm64.Build.0 = Debug|Any CPU
		{7FA0D828-9A40-4943-AE43-53DFC45A4958}.Debug|x64.ActiveCfg = Debug|Any CPU
		{7FA0D828-9A40-4943-AE43-53DFC45A4958}.Debug|x64.Build.0 = Debug|Any CPU
		{7FA0D828-9A40-4943-AE43-53DFC45A4958}.GPU|Any CPU.ActiveCfg = Release|Any CPU
		{7FA0D828-9A40-4943-AE43-53DFC45A4958}.GPU|Any CPU.Build.0 = Release|Any CPU
		{7FA0D828-9A40-4943-AE43-53DFC45A4958}.GPU|Arm64.ActiveCfg = Release|Any CPU
		{7FA0D828-9A40-4943-AE43-53DFC45A4958}.GPU|Arm64.Build.0 = Release|Any CPU
		{7FA0D828-9A40-4943-AE43-53DFC45A4958}.GPU|x64.ActiveCfg = Release|Any CPU
		{7FA0D828-9A40-4943-AE43-53DFC45A4958}.GPU|x64.Build.0 = Release|Any CPU
		{7FA0D828-9A40-4943-AE43-53DFC45A4958}.Release|Any CPU.ActiveCfg = Release|Any CPU
		{7FA0D828-9A40-4943-AE43-53DFC45A4958}.Release|Any CPU.Build.0 = Release|Any CPU
		{7FA0D828-9A40-4943-AE43-53DFC45A4958}.Release|Arm64.ActiveCfg = Release|Any CPU
		{7FA0D828-9A40-4943-AE43-53DFC45A4958}.Release|Arm64.Build.0 = Release|Any CPU
		{7FA0D828-9A40-4943-AE43-53DFC45A4958}.Release|x64.ActiveCfg = Release|Any CPU
		{7FA0D828-9A40-4943-AE43-53DFC45A4958}.Release|x64.Build.0 = Release|Any CPU
		{45C7AC1D-15E2-4AC4-8837-C65B94F16D1E}.Debug|Any CPU.ActiveCfg = Debug|Any CPU
		{45C7AC1D-15E2-4AC4-8837-C65B94F16D1E}.Debug|Any CPU.Build.0 = Debug|Any CPU
		{45C7AC1D-15E2-4AC4-8837-C65B94F16D1E}.Debug|Arm64.ActiveCfg = Debug|Any CPU
		{45C7AC1D-15E2-4AC4-8837-C65B94F16D1E}.Debug|Arm64.Build.0 = Debug|Any CPU
		{45C7AC1D-15E2-4AC4-8837-C65B94F16D1E}.Debug|x64.ActiveCfg = Debug|Any CPU
		{45C7AC1D-15E2-4AC4-8837-C65B94F16D1E}.Debug|x64.Build.0 = Debug|Any CPU
		{45C7AC1D-15E2-4AC4-8837-C65B94F16D1E}.GPU|Any CPU.ActiveCfg = Release|Any CPU
		{45C7AC1D-15E2-4AC4-8837-C65B94F16D1E}.GPU|Any CPU.Build.0 = Release|Any CPU
		{45C7AC1D-15E2-4AC4-8837-C65B94F16D1E}.GPU|Arm64.ActiveCfg = Release|Any CPU
		{45C7AC1D-15E2-4AC4-8837-C65B94F16D1E}.GPU|Arm64.Build.0 = Release|Any CPU
		{45C7AC1D-15E2-4AC4-8837-C65B94F16D1E}.GPU|x64.ActiveCfg = Release|Any CPU
		{45C7AC1D-15E2-4AC4-8837-C65B94F16D1E}.GPU|x64.Build.0 = Release|Any CPU
		{45C7AC1D-15E2-4AC4-8837-C65B94F16D1E}.Release|Any CPU.ActiveCfg = Release|Any CPU
		{45C7AC1D-15E2-4AC4-8837-C65B94F16D1E}.Release|Any CPU.Build.0 = Release|Any CPU
		{45C7AC1D-15E2-4AC4-8837-C65B94F16D1E}.Release|Arm64.ActiveCfg = Release|Any CPU
		{45C7AC1D-15E2-4AC4-8837-C65B94F16D1E}.Release|Arm64.Build.0 = Release|Any CPU
		{45C7AC1D-15E2-4AC4-8837-C65B94F16D1E}.Release|x64.ActiveCfg = Release|Any CPU
		{45C7AC1D-15E2-4AC4-8837-C65B94F16D1E}.Release|x64.Build.0 = Release|Any CPU
		{7591A36E-6971-4D59-9846-CA765F1EE26E}.Debug|Any CPU.ActiveCfg = Debug|Any CPU
		{7591A36E-6971-4D59-9846-CA765F1EE26E}.Debug|Any CPU.Build.0 = Debug|Any CPU
		{7591A36E-6971-4D59-9846-CA765F1EE26E}.Debug|Arm64.ActiveCfg = Debug|Any CPU
		{7591A36E-6971-4D59-9846-CA765F1EE26E}.Debug|Arm64.Build.0 = Debug|Any CPU
		{7591A36E-6971-4D59-9846-CA765F1EE26E}.Debug|x64.ActiveCfg = Debug|Any CPU
		{7591A36E-6971-4D59-9846-CA765F1EE26E}.Debug|x64.Build.0 = Debug|Any CPU
		{7591A36E-6971-4D59-9846-CA765F1EE26E}.GPU|Any CPU.ActiveCfg = Release|Any CPU
		{7591A36E-6971-4D59-9846-CA765F1EE26E}.GPU|Any CPU.Build.0 = Release|Any CPU
		{7591A36E-6971-4D59-9846-CA765F1EE26E}.GPU|Arm64.ActiveCfg = Release|Any CPU
		{7591A36E-6971-4D59-9846-CA765F1EE26E}.GPU|Arm64.Build.0 = Release|Any CPU
		{7591A36E-6971-4D59-9846-CA765F1EE26E}.GPU|x64.ActiveCfg = Release|Any CPU
		{7591A36E-6971-4D59-9846-CA765F1EE26E}.GPU|x64.Build.0 = Release|Any CPU
		{7591A36E-6971-4D59-9846-CA765F1EE26E}.Release|Any CPU.ActiveCfg = Release|Any CPU
		{7591A36E-6971-4D59-9846-CA765F1EE26E}.Release|Any CPU.Build.0 = Release|Any CPU
		{7591A36E-6971-4D59-9846-CA765F1EE26E}.Release|Arm64.ActiveCfg = Release|Any CPU
		{7591A36E-6971-4D59-9846-CA765F1EE26E}.Release|Arm64.Build.0 = Release|Any CPU
		{7591A36E-6971-4D59-9846-CA765F1EE26E}.Release|x64.ActiveCfg = Release|Any CPU
		{7591A36E-6971-4D59-9846-CA765F1EE26E}.Release|x64.Build.0 = Release|Any CPU
		{93ED6FF4-9B51-47ED-A522-E4BC91206AE3}.Debug|Any CPU.ActiveCfg = Debug|Any CPU
		{93ED6FF4-9B51-47ED-A522-E4BC91206AE3}.Debug|Any CPU.Build.0 = Debug|Any CPU
		{93ED6FF4-9B51-47ED-A522-E4BC91206AE3}.Debug|Arm64.ActiveCfg = Debug|Any CPU
		{93ED6FF4-9B51-47ED-A522-E4BC91206AE3}.Debug|Arm64.Build.0 = Debug|Any CPU
		{93ED6FF4-9B51-47ED-A522-E4BC91206AE3}.Debug|x64.ActiveCfg = Debug|Any CPU
		{93ED6FF4-9B51-47ED-A522-E4BC91206AE3}.Debug|x64.Build.0 = Debug|Any CPU
		{93ED6FF4-9B51-47ED-A522-E4BC91206AE3}.GPU|Any CPU.ActiveCfg = Release|Any CPU
		{93ED6FF4-9B51-47ED-A522-E4BC91206AE3}.GPU|Any CPU.Build.0 = Release|Any CPU
		{93ED6FF4-9B51-47ED-A522-E4BC91206AE3}.GPU|Arm64.ActiveCfg = Release|Any CPU
		{93ED6FF4-9B51-47ED-A522-E4BC91206AE3}.GPU|Arm64.Build.0 = Release|Any CPU
		{93ED6FF4-9B51-47ED-A522-E4BC91206AE3}.GPU|x64.ActiveCfg = Release|Any CPU
		{93ED6FF4-9B51-47ED-A522-E4BC91206AE3}.GPU|x64.Build.0 = Release|Any CPU
		{93ED6FF4-9B51-47ED-A522-E4BC91206AE3}.Release|Any CPU.ActiveCfg = Release|Any CPU
		{93ED6FF4-9B51-47ED-A522-E4BC91206AE3}.Release|Any CPU.Build.0 = Release|Any CPU
		{93ED6FF4-9B51-47ED-A522-E4BC91206AE3}.Release|Arm64.ActiveCfg = Release|Any CPU
		{93ED6FF4-9B51-47ED-A522-E4BC91206AE3}.Release|Arm64.Build.0 = Release|Any CPU
		{93ED6FF4-9B51-47ED-A522-E4BC91206AE3}.Release|x64.ActiveCfg = Release|Any CPU
		{93ED6FF4-9B51-47ED-A522-E4BC91206AE3}.Release|x64.Build.0 = Release|Any CPU
		{3B1D9E1E-97EE-47FC-86BA-92DE7EDE1097}.Debug|Any CPU.ActiveCfg = Debug|Any CPU
		{3B1D9E1E-97EE-47FC-86BA-92DE7EDE1097}.Debug|Any CPU.Build.0 = Debug|Any CPU
		{3B1D9E1E-97EE-47FC-86BA-92DE7EDE1097}.Debug|Arm64.ActiveCfg = Debug|Any CPU
		{3B1D9E1E-97EE-47FC-86BA-92DE7EDE1097}.Debug|Arm64.Build.0 = Debug|Any CPU
		{3B1D9E1E-97EE-47FC-86BA-92DE7EDE1097}.Debug|x64.ActiveCfg = Debug|Any CPU
		{3B1D9E1E-97EE-47FC-86BA-92DE7EDE1097}.Debug|x64.Build.0 = Debug|Any CPU
		{3B1D9E1E-97EE-47FC-86BA-92DE7EDE1097}.GPU|Any CPU.ActiveCfg = Release|Any CPU
		{3B1D9E1E-97EE-47FC-86BA-92DE7EDE1097}.GPU|Any CPU.Build.0 = Release|Any CPU
		{3B1D9E1E-97EE-47FC-86BA-92DE7EDE1097}.GPU|Arm64.ActiveCfg = Release|Any CPU
		{3B1D9E1E-97EE-47FC-86BA-92DE7EDE1097}.GPU|Arm64.Build.0 = Release|Any CPU
		{3B1D9E1E-97EE-47FC-86BA-92DE7EDE1097}.GPU|x64.ActiveCfg = Release|Any CPU
		{3B1D9E1E-97EE-47FC-86BA-92DE7EDE1097}.GPU|x64.Build.0 = Release|Any CPU
		{3B1D9E1E-97EE-47FC-86BA-92DE7EDE1097}.Release|Any CPU.ActiveCfg = Release|Any CPU
		{3B1D9E1E-97EE-47FC-86BA-92DE7EDE1097}.Release|Any CPU.Build.0 = Release|Any CPU
		{3B1D9E1E-97EE-47FC-86BA-92DE7EDE1097}.Release|Arm64.ActiveCfg = Release|Any CPU
		{3B1D9E1E-97EE-47FC-86BA-92DE7EDE1097}.Release|Arm64.Build.0 = Release|Any CPU
		{3B1D9E1E-97EE-47FC-86BA-92DE7EDE1097}.Release|x64.ActiveCfg = Release|Any CPU
		{3B1D9E1E-97EE-47FC-86BA-92DE7EDE1097}.Release|x64.Build.0 = Release|Any CPU
		{B8E31216-CADD-4C45-B22D-24A5BD581936}.Debug|Any CPU.ActiveCfg = Debug|Any CPU
		{B8E31216-CADD-4C45-B22D-24A5BD581936}.Debug|Any CPU.Build.0 = Debug|Any CPU
		{B8E31216-CADD-4C45-B22D-24A5BD581936}.Debug|Arm64.ActiveCfg = Debug|Any CPU
		{B8E31216-CADD-4C45-B22D-24A5BD581936}.Debug|Arm64.Build.0 = Debug|Any CPU
		{B8E31216-CADD-4C45-B22D-24A5BD581936}.Debug|x64.ActiveCfg = Debug|Any CPU
		{B8E31216-CADD-4C45-B22D-24A5BD581936}.Debug|x64.Build.0 = Debug|Any CPU
		{B8E31216-CADD-4C45-B22D-24A5BD581936}.GPU|Any CPU.ActiveCfg = Release|Any CPU
		{B8E31216-CADD-4C45-B22D-24A5BD581936}.GPU|Any CPU.Build.0 = Release|Any CPU
		{B8E31216-CADD-4C45-B22D-24A5BD581936}.GPU|Arm64.ActiveCfg = Release|Any CPU
		{B8E31216-CADD-4C45-B22D-24A5BD581936}.GPU|Arm64.Build.0 = Release|Any CPU
		{B8E31216-CADD-4C45-B22D-24A5BD581936}.GPU|x64.ActiveCfg = Release|Any CPU
		{B8E31216-CADD-4C45-B22D-24A5BD581936}.GPU|x64.Build.0 = Release|Any CPU
		{B8E31216-CADD-4C45-B22D-24A5BD581936}.Release|Any CPU.ActiveCfg = Release|Any CPU
		{B8E31216-CADD-4C45-B22D-24A5BD581936}.Release|Any CPU.Build.0 = Release|Any CPU
		{B8E31216-CADD-4C45-B22D-24A5BD581936}.Release|Arm64.ActiveCfg = Release|Any CPU
		{B8E31216-CADD-4C45-B22D-24A5BD581936}.Release|Arm64.Build.0 = Release|Any CPU
		{B8E31216-CADD-4C45-B22D-24A5BD581936}.Release|x64.ActiveCfg = Release|Any CPU
		{B8E31216-CADD-4C45-B22D-24A5BD581936}.Release|x64.Build.0 = Release|Any CPU
		{C1BA7EB1-16DA-473A-A31E-A4D40BCEF43A}.Debug|Any CPU.ActiveCfg = Debug|Any CPU
		{C1BA7EB1-16DA-473A-A31E-A4D40BCEF43A}.Debug|Any CPU.Build.0 = Debug|Any CPU
		{C1BA7EB1-16DA-473A-A31E-A4D40BCEF43A}.Debug|Arm64.ActiveCfg = Debug|Any CPU
		{C1BA7EB1-16DA-473A-A31E-A4D40BCEF43A}.Debug|Arm64.Build.0 = Debug|Any CPU
		{C1BA7EB1-16DA-473A-A31E-A4D40BCEF43A}.Debug|x64.ActiveCfg = Debug|Any CPU
		{C1BA7EB1-16DA-473A-A31E-A4D40BCEF43A}.Debug|x64.Build.0 = Debug|Any CPU
		{C1BA7EB1-16DA-473A-A31E-A4D40BCEF43A}.GPU|Any CPU.ActiveCfg = Release|Any CPU
		{C1BA7EB1-16DA-473A-A31E-A4D40BCEF43A}.GPU|Any CPU.Build.0 = Release|Any CPU
		{C1BA7EB1-16DA-473A-A31E-A4D40BCEF43A}.GPU|Arm64.ActiveCfg = Release|Any CPU
		{C1BA7EB1-16DA-473A-A31E-A4D40BCEF43A}.GPU|Arm64.Build.0 = Release|Any CPU
		{C1BA7EB1-16DA-473A-A31E-A4D40BCEF43A}.GPU|x64.ActiveCfg = Release|Any CPU
		{C1BA7EB1-16DA-473A-A31E-A4D40BCEF43A}.GPU|x64.Build.0 = Release|Any CPU
		{C1BA7EB1-16DA-473A-A31E-A4D40BCEF43A}.Release|Any CPU.ActiveCfg = Release|Any CPU
		{C1BA7EB1-16DA-473A-A31E-A4D40BCEF43A}.Release|Any CPU.Build.0 = Release|Any CPU
		{C1BA7EB1-16DA-473A-A31E-A4D40BCEF43A}.Release|Arm64.ActiveCfg = Release|Any CPU
		{C1BA7EB1-16DA-473A-A31E-A4D40BCEF43A}.Release|Arm64.Build.0 = Release|Any CPU
		{C1BA7EB1-16DA-473A-A31E-A4D40BCEF43A}.Release|x64.ActiveCfg = Release|Any CPU
		{C1BA7EB1-16DA-473A-A31E-A4D40BCEF43A}.Release|x64.Build.0 = Release|Any CPU
		{34585743-4128-4CE1-8E43-18045CC766F8}.Debug|Any CPU.ActiveCfg = Debug|Any CPU
		{34585743-4128-4CE1-8E43-18045CC766F8}.Debug|Any CPU.Build.0 = Debug|Any CPU
		{34585743-4128-4CE1-8E43-18045CC766F8}.Debug|Arm64.ActiveCfg = Debug|Any CPU
		{34585743-4128-4CE1-8E43-18045CC766F8}.Debug|Arm64.Build.0 = Debug|Any CPU
		{34585743-4128-4CE1-8E43-18045CC766F8}.Debug|x64.ActiveCfg = Debug|Any CPU
		{34585743-4128-4CE1-8E43-18045CC766F8}.Debug|x64.Build.0 = Debug|Any CPU
		{34585743-4128-4CE1-8E43-18045CC766F8}.GPU|Any CPU.ActiveCfg = Release|Any CPU
		{34585743-4128-4CE1-8E43-18045CC766F8}.GPU|Any CPU.Build.0 = Release|Any CPU
		{34585743-4128-4CE1-8E43-18045CC766F8}.GPU|Arm64.ActiveCfg = Release|Any CPU
		{34585743-4128-4CE1-8E43-18045CC766F8}.GPU|Arm64.Build.0 = Release|Any CPU
		{34585743-4128-4CE1-8E43-18045CC766F8}.GPU|x64.ActiveCfg = Release|Any CPU
		{34585743-4128-4CE1-8E43-18045CC766F8}.GPU|x64.Build.0 = Release|Any CPU
		{34585743-4128-4CE1-8E43-18045CC766F8}.Release|Any CPU.ActiveCfg = Release|Any CPU
		{34585743-4128-4CE1-8E43-18045CC766F8}.Release|Any CPU.Build.0 = Release|Any CPU
		{34585743-4128-4CE1-8E43-18045CC766F8}.Release|Arm64.ActiveCfg = Release|Any CPU
		{34585743-4128-4CE1-8E43-18045CC766F8}.Release|Arm64.Build.0 = Release|Any CPU
		{34585743-4128-4CE1-8E43-18045CC766F8}.Release|x64.ActiveCfg = Release|Any CPU
		{34585743-4128-4CE1-8E43-18045CC766F8}.Release|x64.Build.0 = Release|Any CPU
		{6F24D230-12DB-47E2-9B8A-CCB49D5D7AAB}.Debug|Any CPU.ActiveCfg = Debug|Any CPU
		{6F24D230-12DB-47E2-9B8A-CCB49D5D7AAB}.Debug|Any CPU.Build.0 = Debug|Any CPU
		{6F24D230-12DB-47E2-9B8A-CCB49D5D7AAB}.Debug|Arm64.ActiveCfg = Debug|Any CPU
		{6F24D230-12DB-47E2-9B8A-CCB49D5D7AAB}.Debug|Arm64.Build.0 = Debug|Any CPU
		{6F24D230-12DB-47E2-9B8A-CCB49D5D7AAB}.Debug|x64.ActiveCfg = Debug|Any CPU
		{6F24D230-12DB-47E2-9B8A-CCB49D5D7AAB}.Debug|x64.Build.0 = Debug|Any CPU
		{6F24D230-12DB-47E2-9B8A-CCB49D5D7AAB}.GPU|Any CPU.ActiveCfg = Release|Any CPU
		{6F24D230-12DB-47E2-9B8A-CCB49D5D7AAB}.GPU|Any CPU.Build.0 = Release|Any CPU
		{6F24D230-12DB-47E2-9B8A-CCB49D5D7AAB}.GPU|Arm64.ActiveCfg = Release|Any CPU
		{6F24D230-12DB-47E2-9B8A-CCB49D5D7AAB}.GPU|Arm64.Build.0 = Release|Any CPU
		{6F24D230-12DB-47E2-9B8A-CCB49D5D7AAB}.GPU|x64.ActiveCfg = Release|Any CPU
		{6F24D230-12DB-47E2-9B8A-CCB49D5D7AAB}.GPU|x64.Build.0 = Release|Any CPU
		{6F24D230-12DB-47E2-9B8A-CCB49D5D7AAB}.Release|Any CPU.ActiveCfg = Release|Any CPU
		{6F24D230-12DB-47E2-9B8A-CCB49D5D7AAB}.Release|Any CPU.Build.0 = Release|Any CPU
		{6F24D230-12DB-47E2-9B8A-CCB49D5D7AAB}.Release|Arm64.ActiveCfg = Release|Any CPU
		{6F24D230-12DB-47E2-9B8A-CCB49D5D7AAB}.Release|Arm64.Build.0 = Release|Any CPU
		{6F24D230-12DB-47E2-9B8A-CCB49D5D7AAB}.Release|x64.ActiveCfg = Release|Any CPU
		{6F24D230-12DB-47E2-9B8A-CCB49D5D7AAB}.Release|x64.Build.0 = Release|Any CPU
		{A64CB632-B5F8-475C-B0B3-F0133A6AE28E}.Debug|Any CPU.ActiveCfg = Debug|Any CPU
		{A64CB632-B5F8-475C-B0B3-F0133A6AE28E}.Debug|Any CPU.Build.0 = Debug|Any CPU
		{A64CB632-B5F8-475C-B0B3-F0133A6AE28E}.Debug|Arm64.ActiveCfg = Debug|Any CPU
		{A64CB632-B5F8-475C-B0B3-F0133A6AE28E}.Debug|Arm64.Build.0 = Debug|Any CPU
		{A64CB632-B5F8-475C-B0B3-F0133A6AE28E}.Debug|x64.ActiveCfg = Debug|Any CPU
		{A64CB632-B5F8-475C-B0B3-F0133A6AE28E}.Debug|x64.Build.0 = Debug|Any CPU
		{A64CB632-B5F8-475C-B0B3-F0133A6AE28E}.GPU|Any CPU.ActiveCfg = Release|Any CPU
		{A64CB632-B5F8-475C-B0B3-F0133A6AE28E}.GPU|Any CPU.Build.0 = Release|Any CPU
		{A64CB632-B5F8-475C-B0B3-F0133A6AE28E}.GPU|Arm64.ActiveCfg = Release|Any CPU
		{A64CB632-B5F8-475C-B0B3-F0133A6AE28E}.GPU|Arm64.Build.0 = Release|Any CPU
		{A64CB632-B5F8-475C-B0B3-F0133A6AE28E}.GPU|x64.ActiveCfg = Release|Any CPU
		{A64CB632-B5F8-475C-B0B3-F0133A6AE28E}.GPU|x64.Build.0 = Release|Any CPU
		{A64CB632-B5F8-475C-B0B3-F0133A6AE28E}.Release|Any CPU.ActiveCfg = Release|Any CPU
		{A64CB632-B5F8-475C-B0B3-F0133A6AE28E}.Release|Any CPU.Build.0 = Release|Any CPU
		{A64CB632-B5F8-475C-B0B3-F0133A6AE28E}.Release|Arm64.ActiveCfg = Release|Any CPU
		{A64CB632-B5F8-475C-B0B3-F0133A6AE28E}.Release|Arm64.Build.0 = Release|Any CPU
		{A64CB632-B5F8-475C-B0B3-F0133A6AE28E}.Release|x64.ActiveCfg = Release|Any CPU
		{A64CB632-B5F8-475C-B0B3-F0133A6AE28E}.Release|x64.Build.0 = Release|Any CPU
		{882D258C-A17C-47C7-B5C0-269643551940}.Debug|Any CPU.ActiveCfg = Debug|Any CPU
		{882D258C-A17C-47C7-B5C0-269643551940}.Debug|Any CPU.Build.0 = Debug|Any CPU
		{882D258C-A17C-47C7-B5C0-269643551940}.Debug|Arm64.ActiveCfg = Debug|Any CPU
		{882D258C-A17C-47C7-B5C0-269643551940}.Debug|Arm64.Build.0 = Debug|Any CPU
		{882D258C-A17C-47C7-B5C0-269643551940}.Debug|x64.ActiveCfg = Debug|Any CPU
		{882D258C-A17C-47C7-B5C0-269643551940}.Debug|x64.Build.0 = Debug|Any CPU
		{882D258C-A17C-47C7-B5C0-269643551940}.GPU|Any CPU.ActiveCfg = Release|Any CPU
		{882D258C-A17C-47C7-B5C0-269643551940}.GPU|Any CPU.Build.0 = Release|Any CPU
		{882D258C-A17C-47C7-B5C0-269643551940}.GPU|Arm64.ActiveCfg = Release|Any CPU
		{882D258C-A17C-47C7-B5C0-269643551940}.GPU|Arm64.Build.0 = Release|Any CPU
		{882D258C-A17C-47C7-B5C0-269643551940}.GPU|x64.ActiveCfg = Release|Any CPU
		{882D258C-A17C-47C7-B5C0-269643551940}.GPU|x64.Build.0 = Release|Any CPU
		{882D258C-A17C-47C7-B5C0-269643551940}.Release|Any CPU.ActiveCfg = Release|Any CPU
		{882D258C-A17C-47C7-B5C0-269643551940}.Release|Any CPU.Build.0 = Release|Any CPU
		{882D258C-A17C-47C7-B5C0-269643551940}.Release|Arm64.ActiveCfg = Release|Any CPU
		{882D258C-A17C-47C7-B5C0-269643551940}.Release|Arm64.Build.0 = Release|Any CPU
		{882D258C-A17C-47C7-B5C0-269643551940}.Release|x64.ActiveCfg = Release|Any CPU
		{882D258C-A17C-47C7-B5C0-269643551940}.Release|x64.Build.0 = Release|Any CPU
		{0DD74B9F-89BA-49E2-A0C7-D8BD1F8921FE}.Debug|Any CPU.ActiveCfg = Debug|Any CPU
		{0DD74B9F-89BA-49E2-A0C7-D8BD1F8921FE}.Debug|Any CPU.Build.0 = Debug|Any CPU
		{0DD74B9F-89BA-49E2-A0C7-D8BD1F8921FE}.Debug|Arm64.ActiveCfg = Debug|Any CPU
		{0DD74B9F-89BA-49E2-A0C7-D8BD1F8921FE}.Debug|Arm64.Build.0 = Debug|Any CPU
		{0DD74B9F-89BA-49E2-A0C7-D8BD1F8921FE}.Debug|x64.ActiveCfg = Debug|Any CPU
		{0DD74B9F-89BA-49E2-A0C7-D8BD1F8921FE}.Debug|x64.Build.0 = Debug|Any CPU
		{0DD74B9F-89BA-49E2-A0C7-D8BD1F8921FE}.GPU|Any CPU.ActiveCfg = Release|Any CPU
		{0DD74B9F-89BA-49E2-A0C7-D8BD1F8921FE}.GPU|Any CPU.Build.0 = Release|Any CPU
		{0DD74B9F-89BA-49E2-A0C7-D8BD1F8921FE}.GPU|Arm64.ActiveCfg = Release|Any CPU
		{0DD74B9F-89BA-49E2-A0C7-D8BD1F8921FE}.GPU|Arm64.Build.0 = Release|Any CPU
		{0DD74B9F-89BA-49E2-A0C7-D8BD1F8921FE}.GPU|x64.ActiveCfg = Release|Any CPU
		{0DD74B9F-89BA-49E2-A0C7-D8BD1F8921FE}.GPU|x64.Build.0 = Release|Any CPU
		{0DD74B9F-89BA-49E2-A0C7-D8BD1F8921FE}.Release|Any CPU.ActiveCfg = Release|Any CPU
		{0DD74B9F-89BA-49E2-A0C7-D8BD1F8921FE}.Release|Any CPU.Build.0 = Release|Any CPU
		{0DD74B9F-89BA-49E2-A0C7-D8BD1F8921FE}.Release|Arm64.ActiveCfg = Release|Any CPU
		{0DD74B9F-89BA-49E2-A0C7-D8BD1F8921FE}.Release|Arm64.Build.0 = Release|Any CPU
		{0DD74B9F-89BA-49E2-A0C7-D8BD1F8921FE}.Release|x64.ActiveCfg = Release|Any CPU
		{0DD74B9F-89BA-49E2-A0C7-D8BD1F8921FE}.Release|x64.Build.0 = Release|Any CPU
		{C1C1DC04-591B-4660-BD08-46706F04BE44}.Debug|Any CPU.ActiveCfg = Debug|Any CPU
		{C1C1DC04-591B-4660-BD08-46706F04BE44}.Debug|Any CPU.Build.0 = Debug|Any CPU
		{C1C1DC04-591B-4660-BD08-46706F04BE44}.Debug|Arm64.ActiveCfg = Debug|Any CPU
		{C1C1DC04-591B-4660-BD08-46706F04BE44}.Debug|Arm64.Build.0 = Debug|Any CPU
		{C1C1DC04-591B-4660-BD08-46706F04BE44}.Debug|x64.ActiveCfg = Debug|Any CPU
		{C1C1DC04-591B-4660-BD08-46706F04BE44}.Debug|x64.Build.0 = Debug|Any CPU
		{C1C1DC04-591B-4660-BD08-46706F04BE44}.GPU|Any CPU.ActiveCfg = Release|Any CPU
		{C1C1DC04-591B-4660-BD08-46706F04BE44}.GPU|Any CPU.Build.0 = Release|Any CPU
		{C1C1DC04-591B-4660-BD08-46706F04BE44}.GPU|Arm64.ActiveCfg = Release|Any CPU
		{C1C1DC04-591B-4660-BD08-46706F04BE44}.GPU|Arm64.Build.0 = Release|Any CPU
		{C1C1DC04-591B-4660-BD08-46706F04BE44}.GPU|x64.ActiveCfg = Release|Any CPU
		{C1C1DC04-591B-4660-BD08-46706F04BE44}.GPU|x64.Build.0 = Release|Any CPU
		{C1C1DC04-591B-4660-BD08-46706F04BE44}.Release|Any CPU.ActiveCfg = Release|Any CPU
		{C1C1DC04-591B-4660-BD08-46706F04BE44}.Release|Any CPU.Build.0 = Release|Any CPU
		{C1C1DC04-591B-4660-BD08-46706F04BE44}.Release|Arm64.ActiveCfg = Release|Any CPU
		{C1C1DC04-591B-4660-BD08-46706F04BE44}.Release|Arm64.Build.0 = Release|Any CPU
		{C1C1DC04-591B-4660-BD08-46706F04BE44}.Release|x64.ActiveCfg = Release|Any CPU
		{C1C1DC04-591B-4660-BD08-46706F04BE44}.Release|x64.Build.0 = Release|Any CPU
		{0B2DCD5A-A6E3-4C64-8570-86C2669B58E5}.Debug|Any CPU.ActiveCfg = Debug|Any CPU
		{0B2DCD5A-A6E3-4C64-8570-86C2669B58E5}.Debug|Any CPU.Build.0 = Debug|Any CPU
		{0B2DCD5A-A6E3-4C64-8570-86C2669B58E5}.Debug|Arm64.ActiveCfg = Debug|Any CPU
		{0B2DCD5A-A6E3-4C64-8570-86C2669B58E5}.Debug|Arm64.Build.0 = Debug|Any CPU
		{0B2DCD5A-A6E3-4C64-8570-86C2669B58E5}.Debug|x64.ActiveCfg = Debug|Any CPU
		{0B2DCD5A-A6E3-4C64-8570-86C2669B58E5}.Debug|x64.Build.0 = Debug|Any CPU
		{0B2DCD5A-A6E3-4C64-8570-86C2669B58E5}.GPU|Any CPU.ActiveCfg = Release|Any CPU
		{0B2DCD5A-A6E3-4C64-8570-86C2669B58E5}.GPU|Any CPU.Build.0 = Release|Any CPU
		{0B2DCD5A-A6E3-4C64-8570-86C2669B58E5}.GPU|Arm64.ActiveCfg = Release|Any CPU
		{0B2DCD5A-A6E3-4C64-8570-86C2669B58E5}.GPU|Arm64.Build.0 = Release|Any CPU
		{0B2DCD5A-A6E3-4C64-8570-86C2669B58E5}.GPU|x64.ActiveCfg = Release|Any CPU
		{0B2DCD5A-A6E3-4C64-8570-86C2669B58E5}.GPU|x64.Build.0 = Release|Any CPU
		{0B2DCD5A-A6E3-4C64-8570-86C2669B58E5}.Release|Any CPU.ActiveCfg = Release|Any CPU
		{0B2DCD5A-A6E3-4C64-8570-86C2669B58E5}.Release|Any CPU.Build.0 = Release|Any CPU
		{0B2DCD5A-A6E3-4C64-8570-86C2669B58E5}.Release|Arm64.ActiveCfg = Release|Any CPU
		{0B2DCD5A-A6E3-4C64-8570-86C2669B58E5}.Release|Arm64.Build.0 = Release|Any CPU
		{0B2DCD5A-A6E3-4C64-8570-86C2669B58E5}.Release|x64.ActiveCfg = Release|Any CPU
		{0B2DCD5A-A6E3-4C64-8570-86C2669B58E5}.Release|x64.Build.0 = Release|Any CPU
		{672E3C6F-E32F-47A8-8E6D-BABC6BA8B6C8}.Debug|Any CPU.ActiveCfg = Debug|Any CPU
		{672E3C6F-E32F-47A8-8E6D-BABC6BA8B6C8}.Debug|Any CPU.Build.0 = Debug|Any CPU
		{672E3C6F-E32F-47A8-8E6D-BABC6BA8B6C8}.Debug|Arm64.ActiveCfg = Debug|Any CPU
		{672E3C6F-E32F-47A8-8E6D-BABC6BA8B6C8}.Debug|Arm64.Build.0 = Debug|Any CPU
		{672E3C6F-E32F-47A8-8E6D-BABC6BA8B6C8}.Debug|x64.ActiveCfg = Debug|Any CPU
		{672E3C6F-E32F-47A8-8E6D-BABC6BA8B6C8}.Debug|x64.Build.0 = Debug|Any CPU
		{672E3C6F-E32F-47A8-8E6D-BABC6BA8B6C8}.GPU|Any CPU.ActiveCfg = Release|Any CPU
		{672E3C6F-E32F-47A8-8E6D-BABC6BA8B6C8}.GPU|Any CPU.Build.0 = Release|Any CPU
		{672E3C6F-E32F-47A8-8E6D-BABC6BA8B6C8}.GPU|Arm64.ActiveCfg = Release|Any CPU
		{672E3C6F-E32F-47A8-8E6D-BABC6BA8B6C8}.GPU|Arm64.Build.0 = Release|Any CPU
		{672E3C6F-E32F-47A8-8E6D-BABC6BA8B6C8}.GPU|x64.ActiveCfg = Release|Any CPU
		{672E3C6F-E32F-47A8-8E6D-BABC6BA8B6C8}.GPU|x64.Build.0 = Release|Any CPU
		{672E3C6F-E32F-47A8-8E6D-BABC6BA8B6C8}.Release|Any CPU.ActiveCfg = Release|Any CPU
		{672E3C6F-E32F-47A8-8E6D-BABC6BA8B6C8}.Release|Any CPU.Build.0 = Release|Any CPU
		{672E3C6F-E32F-47A8-8E6D-BABC6BA8B6C8}.Release|Arm64.ActiveCfg = Release|Any CPU
		{672E3C6F-E32F-47A8-8E6D-BABC6BA8B6C8}.Release|Arm64.Build.0 = Release|Any CPU
		{672E3C6F-E32F-47A8-8E6D-BABC6BA8B6C8}.Release|x64.ActiveCfg = Release|Any CPU
		{672E3C6F-E32F-47A8-8E6D-BABC6BA8B6C8}.Release|x64.Build.0 = Release|Any CPU
		{8D627978-DB16-46E5-A94D-95520E29C6D9}.Debug|Any CPU.ActiveCfg = Debug|Any CPU
		{8D627978-DB16-46E5-A94D-95520E29C6D9}.Debug|Any CPU.Build.0 = Debug|Any CPU
		{8D627978-DB16-46E5-A94D-95520E29C6D9}.Debug|Arm64.ActiveCfg = Debug|Any CPU
		{8D627978-DB16-46E5-A94D-95520E29C6D9}.Debug|Arm64.Build.0 = Debug|Any CPU
		{8D627978-DB16-46E5-A94D-95520E29C6D9}.Debug|x64.ActiveCfg = Debug|Any CPU
		{8D627978-DB16-46E5-A94D-95520E29C6D9}.Debug|x64.Build.0 = Debug|Any CPU
		{8D627978-DB16-46E5-A94D-95520E29C6D9}.GPU|Any CPU.ActiveCfg = Release|Any CPU
		{8D627978-DB16-46E5-A94D-95520E29C6D9}.GPU|Any CPU.Build.0 = Release|Any CPU
		{8D627978-DB16-46E5-A94D-95520E29C6D9}.GPU|Arm64.ActiveCfg = Release|Any CPU
		{8D627978-DB16-46E5-A94D-95520E29C6D9}.GPU|Arm64.Build.0 = Release|Any CPU
		{8D627978-DB16-46E5-A94D-95520E29C6D9}.GPU|x64.ActiveCfg = Release|Any CPU
		{8D627978-DB16-46E5-A94D-95520E29C6D9}.GPU|x64.Build.0 = Release|Any CPU
		{8D627978-DB16-46E5-A94D-95520E29C6D9}.Release|Any CPU.ActiveCfg = Release|Any CPU
		{8D627978-DB16-46E5-A94D-95520E29C6D9}.Release|Any CPU.Build.0 = Release|Any CPU
		{8D627978-DB16-46E5-A94D-95520E29C6D9}.Release|Arm64.ActiveCfg = Release|Any CPU
		{8D627978-DB16-46E5-A94D-95520E29C6D9}.Release|Arm64.Build.0 = Release|Any CPU
		{8D627978-DB16-46E5-A94D-95520E29C6D9}.Release|x64.ActiveCfg = Release|Any CPU
		{8D627978-DB16-46E5-A94D-95520E29C6D9}.Release|x64.Build.0 = Release|Any CPU
		{FC424F07-3128-45DF-B5AF-EEB95BEE7C8C}.Debug|Any CPU.ActiveCfg = Debug|Any CPU
		{FC424F07-3128-45DF-B5AF-EEB95BEE7C8C}.Debug|Any CPU.Build.0 = Debug|Any CPU
		{FC424F07-3128-45DF-B5AF-EEB95BEE7C8C}.Debug|Arm64.ActiveCfg = Debug|Any CPU
		{FC424F07-3128-45DF-B5AF-EEB95BEE7C8C}.Debug|Arm64.Build.0 = Debug|Any CPU
		{FC424F07-3128-45DF-B5AF-EEB95BEE7C8C}.Debug|x64.ActiveCfg = Debug|Any CPU
		{FC424F07-3128-45DF-B5AF-EEB95BEE7C8C}.Debug|x64.Build.0 = Debug|Any CPU
		{FC424F07-3128-45DF-B5AF-EEB95BEE7C8C}.GPU|Any CPU.ActiveCfg = Release|Any CPU
		{FC424F07-3128-45DF-B5AF-EEB95BEE7C8C}.GPU|Any CPU.Build.0 = Release|Any CPU
		{FC424F07-3128-45DF-B5AF-EEB95BEE7C8C}.GPU|Arm64.ActiveCfg = Release|Any CPU
		{FC424F07-3128-45DF-B5AF-EEB95BEE7C8C}.GPU|Arm64.Build.0 = Release|Any CPU
		{FC424F07-3128-45DF-B5AF-EEB95BEE7C8C}.GPU|x64.ActiveCfg = Release|Any CPU
		{FC424F07-3128-45DF-B5AF-EEB95BEE7C8C}.GPU|x64.Build.0 = Release|Any CPU
		{FC424F07-3128-45DF-B5AF-EEB95BEE7C8C}.Release|Any CPU.ActiveCfg = Release|Any CPU
		{FC424F07-3128-45DF-B5AF-EEB95BEE7C8C}.Release|Any CPU.Build.0 = Release|Any CPU
		{FC424F07-3128-45DF-B5AF-EEB95BEE7C8C}.Release|Arm64.ActiveCfg = Release|Any CPU
		{FC424F07-3128-45DF-B5AF-EEB95BEE7C8C}.Release|Arm64.Build.0 = Release|Any CPU
		{FC424F07-3128-45DF-B5AF-EEB95BEE7C8C}.Release|x64.ActiveCfg = Release|Any CPU
		{FC424F07-3128-45DF-B5AF-EEB95BEE7C8C}.Release|x64.Build.0 = Release|Any CPU
		{3A1C7F50-456B-44C2-AA7D-62B36F4FA4F4}.Debug|Any CPU.ActiveCfg = Debug|Any CPU
		{3A1C7F50-456B-44C2-AA7D-62B36F4FA4F4}.Debug|Any CPU.Build.0 = Debug|Any CPU
		{3A1C7F50-456B-44C2-AA7D-62B36F4FA4F4}.Debug|Arm64.ActiveCfg = Debug|Any CPU
		{3A1C7F50-456B-44C2-AA7D-62B36F4FA4F4}.Debug|Arm64.Build.0 = Debug|Any CPU
		{3A1C7F50-456B-44C2-AA7D-62B36F4FA4F4}.Debug|x64.ActiveCfg = Debug|Any CPU
		{3A1C7F50-456B-44C2-AA7D-62B36F4FA4F4}.Debug|x64.Build.0 = Debug|Any CPU
		{3A1C7F50-456B-44C2-AA7D-62B36F4FA4F4}.GPU|Any CPU.ActiveCfg = Release|Any CPU
		{3A1C7F50-456B-44C2-AA7D-62B36F4FA4F4}.GPU|Any CPU.Build.0 = Release|Any CPU
		{3A1C7F50-456B-44C2-AA7D-62B36F4FA4F4}.GPU|Arm64.ActiveCfg = Release|Any CPU
		{3A1C7F50-456B-44C2-AA7D-62B36F4FA4F4}.GPU|Arm64.Build.0 = Release|Any CPU
		{3A1C7F50-456B-44C2-AA7D-62B36F4FA4F4}.GPU|x64.ActiveCfg = Release|Any CPU
		{3A1C7F50-456B-44C2-AA7D-62B36F4FA4F4}.GPU|x64.Build.0 = Release|Any CPU
		{3A1C7F50-456B-44C2-AA7D-62B36F4FA4F4}.Release|Any CPU.ActiveCfg = Release|Any CPU
		{3A1C7F50-456B-44C2-AA7D-62B36F4FA4F4}.Release|Any CPU.Build.0 = Release|Any CPU
		{3A1C7F50-456B-44C2-AA7D-62B36F4FA4F4}.Release|Arm64.ActiveCfg = Release|Any CPU
		{3A1C7F50-456B-44C2-AA7D-62B36F4FA4F4}.Release|Arm64.Build.0 = Release|Any CPU
		{3A1C7F50-456B-44C2-AA7D-62B36F4FA4F4}.Release|x64.ActiveCfg = Release|Any CPU
		{3A1C7F50-456B-44C2-AA7D-62B36F4FA4F4}.Release|x64.Build.0 = Release|Any CPU
		{2E2A9C4B-9EA5-43B3-9C1E-23AE4720E05E}.Debug|Any CPU.ActiveCfg = Debug|Any CPU
		{2E2A9C4B-9EA5-43B3-9C1E-23AE4720E05E}.Debug|Any CPU.Build.0 = Debug|Any CPU
		{2E2A9C4B-9EA5-43B3-9C1E-23AE4720E05E}.Debug|Arm64.ActiveCfg = Debug|Any CPU
		{2E2A9C4B-9EA5-43B3-9C1E-23AE4720E05E}.Debug|Arm64.Build.0 = Debug|Any CPU
		{2E2A9C4B-9EA5-43B3-9C1E-23AE4720E05E}.Debug|x64.ActiveCfg = Debug|Any CPU
		{2E2A9C4B-9EA5-43B3-9C1E-23AE4720E05E}.Debug|x64.Build.0 = Debug|Any CPU
		{2E2A9C4B-9EA5-43B3-9C1E-23AE4720E05E}.GPU|Any CPU.ActiveCfg = Release|Any CPU
		{2E2A9C4B-9EA5-43B3-9C1E-23AE4720E05E}.GPU|Any CPU.Build.0 = Release|Any CPU
		{2E2A9C4B-9EA5-43B3-9C1E-23AE4720E05E}.GPU|Arm64.ActiveCfg = Release|Any CPU
		{2E2A9C4B-9EA5-43B3-9C1E-23AE4720E05E}.GPU|Arm64.Build.0 = Release|Any CPU
		{2E2A9C4B-9EA5-43B3-9C1E-23AE4720E05E}.GPU|x64.ActiveCfg = Release|Any CPU
		{2E2A9C4B-9EA5-43B3-9C1E-23AE4720E05E}.GPU|x64.Build.0 = Release|Any CPU
		{2E2A9C4B-9EA5-43B3-9C1E-23AE4720E05E}.Release|Any CPU.ActiveCfg = Release|Any CPU
		{2E2A9C4B-9EA5-43B3-9C1E-23AE4720E05E}.Release|Any CPU.Build.0 = Release|Any CPU
		{2E2A9C4B-9EA5-43B3-9C1E-23AE4720E05E}.Release|Arm64.ActiveCfg = Release|Any CPU
		{2E2A9C4B-9EA5-43B3-9C1E-23AE4720E05E}.Release|Arm64.Build.0 = Release|Any CPU
		{2E2A9C4B-9EA5-43B3-9C1E-23AE4720E05E}.Release|x64.ActiveCfg = Release|Any CPU
		{2E2A9C4B-9EA5-43B3-9C1E-23AE4720E05E}.Release|x64.Build.0 = Release|Any CPU
		{2CC0858C-7ADA-46FF-9FBD-71496F43CD85}.Debug|Any CPU.ActiveCfg = Debug|Any CPU
		{2CC0858C-7ADA-46FF-9FBD-71496F43CD85}.Debug|Any CPU.Build.0 = Debug|Any CPU
		{2CC0858C-7ADA-46FF-9FBD-71496F43CD85}.Debug|Arm64.ActiveCfg = Debug|Any CPU
		{2CC0858C-7ADA-46FF-9FBD-71496F43CD85}.Debug|Arm64.Build.0 = Debug|Any CPU
		{2CC0858C-7ADA-46FF-9FBD-71496F43CD85}.Debug|x64.ActiveCfg = Debug|Any CPU
		{2CC0858C-7ADA-46FF-9FBD-71496F43CD85}.Debug|x64.Build.0 = Debug|Any CPU
		{2CC0858C-7ADA-46FF-9FBD-71496F43CD85}.GPU|Any CPU.ActiveCfg = Release|Any CPU
		{2CC0858C-7ADA-46FF-9FBD-71496F43CD85}.GPU|Any CPU.Build.0 = Release|Any CPU
		{2CC0858C-7ADA-46FF-9FBD-71496F43CD85}.GPU|Arm64.ActiveCfg = Release|Any CPU
		{2CC0858C-7ADA-46FF-9FBD-71496F43CD85}.GPU|Arm64.Build.0 = Release|Any CPU
		{2CC0858C-7ADA-46FF-9FBD-71496F43CD85}.GPU|x64.ActiveCfg = Release|Any CPU
		{2CC0858C-7ADA-46FF-9FBD-71496F43CD85}.GPU|x64.Build.0 = Release|Any CPU
		{2CC0858C-7ADA-46FF-9FBD-71496F43CD85}.Release|Any CPU.ActiveCfg = Release|Any CPU
		{2CC0858C-7ADA-46FF-9FBD-71496F43CD85}.Release|Any CPU.Build.0 = Release|Any CPU
		{2CC0858C-7ADA-46FF-9FBD-71496F43CD85}.Release|Arm64.ActiveCfg = Release|Any CPU
		{2CC0858C-7ADA-46FF-9FBD-71496F43CD85}.Release|Arm64.Build.0 = Release|Any CPU
		{2CC0858C-7ADA-46FF-9FBD-71496F43CD85}.Release|x64.ActiveCfg = Release|Any CPU
		{2CC0858C-7ADA-46FF-9FBD-71496F43CD85}.Release|x64.Build.0 = Release|Any CPU
		{84A6A396-B7B2-4128-9490-049E612EADF5}.Debug|Any CPU.ActiveCfg = Debug|Any CPU
		{84A6A396-B7B2-4128-9490-049E612EADF5}.Debug|Any CPU.Build.0 = Debug|Any CPU
		{84A6A396-B7B2-4128-9490-049E612EADF5}.Debug|Arm64.ActiveCfg = Debug|Any CPU
		{84A6A396-B7B2-4128-9490-049E612EADF5}.Debug|Arm64.Build.0 = Debug|Any CPU
		{84A6A396-B7B2-4128-9490-049E612EADF5}.Debug|x64.ActiveCfg = Debug|Any CPU
		{84A6A396-B7B2-4128-9490-049E612EADF5}.Debug|x64.Build.0 = Debug|Any CPU
		{84A6A396-B7B2-4128-9490-049E612EADF5}.GPU|Any CPU.ActiveCfg = Release|Any CPU
		{84A6A396-B7B2-4128-9490-049E612EADF5}.GPU|Any CPU.Build.0 = Release|Any CPU
		{84A6A396-B7B2-4128-9490-049E612EADF5}.GPU|Arm64.ActiveCfg = Release|Any CPU
		{84A6A396-B7B2-4128-9490-049E612EADF5}.GPU|Arm64.Build.0 = Release|Any CPU
		{84A6A396-B7B2-4128-9490-049E612EADF5}.GPU|x64.ActiveCfg = Release|Any CPU
		{84A6A396-B7B2-4128-9490-049E612EADF5}.GPU|x64.Build.0 = Release|Any CPU
		{84A6A396-B7B2-4128-9490-049E612EADF5}.Release|Any CPU.ActiveCfg = Release|Any CPU
		{84A6A396-B7B2-4128-9490-049E612EADF5}.Release|Any CPU.Build.0 = Release|Any CPU
		{84A6A396-B7B2-4128-9490-049E612EADF5}.Release|Arm64.ActiveCfg = Release|Any CPU
		{84A6A396-B7B2-4128-9490-049E612EADF5}.Release|Arm64.Build.0 = Release|Any CPU
		{84A6A396-B7B2-4128-9490-049E612EADF5}.Release|x64.ActiveCfg = Release|Any CPU
		{84A6A396-B7B2-4128-9490-049E612EADF5}.Release|x64.Build.0 = Release|Any CPU
		{9E1C8093-DA16-439F-92D7-A21D0805371D}.Debug|Any CPU.ActiveCfg = Debug|Any CPU
		{9E1C8093-DA16-439F-92D7-A21D0805371D}.Debug|Any CPU.Build.0 = Debug|Any CPU
		{9E1C8093-DA16-439F-92D7-A21D0805371D}.Debug|Arm64.ActiveCfg = Debug|Any CPU
		{9E1C8093-DA16-439F-92D7-A21D0805371D}.Debug|Arm64.Build.0 = Debug|Any CPU
		{9E1C8093-DA16-439F-92D7-A21D0805371D}.Debug|x64.ActiveCfg = Debug|Any CPU
		{9E1C8093-DA16-439F-92D7-A21D0805371D}.Debug|x64.Build.0 = Debug|Any CPU
		{9E1C8093-DA16-439F-92D7-A21D0805371D}.GPU|Any CPU.ActiveCfg = Release|Any CPU
		{9E1C8093-DA16-439F-92D7-A21D0805371D}.GPU|Any CPU.Build.0 = Release|Any CPU
		{9E1C8093-DA16-439F-92D7-A21D0805371D}.GPU|Arm64.ActiveCfg = Release|Any CPU
		{9E1C8093-DA16-439F-92D7-A21D0805371D}.GPU|Arm64.Build.0 = Release|Any CPU
		{9E1C8093-DA16-439F-92D7-A21D0805371D}.GPU|x64.ActiveCfg = Release|Any CPU
		{9E1C8093-DA16-439F-92D7-A21D0805371D}.GPU|x64.Build.0 = Release|Any CPU
		{9E1C8093-DA16-439F-92D7-A21D0805371D}.Release|Any CPU.ActiveCfg = Release|Any CPU
		{9E1C8093-DA16-439F-92D7-A21D0805371D}.Release|Any CPU.Build.0 = Release|Any CPU
		{9E1C8093-DA16-439F-92D7-A21D0805371D}.Release|Arm64.ActiveCfg = Release|Any CPU
		{9E1C8093-DA16-439F-92D7-A21D0805371D}.Release|Arm64.Build.0 = Release|Any CPU
		{9E1C8093-DA16-439F-92D7-A21D0805371D}.Release|x64.ActiveCfg = Release|Any CPU
		{9E1C8093-DA16-439F-92D7-A21D0805371D}.Release|x64.Build.0 = Release|Any CPU
		{1AA146C7-B38E-4C75-962D-AB872D0CAEAB}.Debug|Any CPU.ActiveCfg = Debug|Any CPU
		{1AA146C7-B38E-4C75-962D-AB872D0CAEAB}.Debug|Any CPU.Build.0 = Debug|Any CPU
		{1AA146C7-B38E-4C75-962D-AB872D0CAEAB}.Debug|Arm64.ActiveCfg = Debug|Any CPU
		{1AA146C7-B38E-4C75-962D-AB872D0CAEAB}.Debug|Arm64.Build.0 = Debug|Any CPU
		{1AA146C7-B38E-4C75-962D-AB872D0CAEAB}.Debug|x64.ActiveCfg = Debug|Any CPU
		{1AA146C7-B38E-4C75-962D-AB872D0CAEAB}.Debug|x64.Build.0 = Debug|Any CPU
		{1AA146C7-B38E-4C75-962D-AB872D0CAEAB}.GPU|Any CPU.ActiveCfg = Release|Any CPU
		{1AA146C7-B38E-4C75-962D-AB872D0CAEAB}.GPU|Any CPU.Build.0 = Release|Any CPU
		{1AA146C7-B38E-4C75-962D-AB872D0CAEAB}.GPU|Arm64.ActiveCfg = Release|Any CPU
		{1AA146C7-B38E-4C75-962D-AB872D0CAEAB}.GPU|Arm64.Build.0 = Release|Any CPU
		{1AA146C7-B38E-4C75-962D-AB872D0CAEAB}.GPU|x64.ActiveCfg = Release|Any CPU
		{1AA146C7-B38E-4C75-962D-AB872D0CAEAB}.GPU|x64.Build.0 = Release|Any CPU
		{1AA146C7-B38E-4C75-962D-AB872D0CAEAB}.Release|Any CPU.ActiveCfg = Release|Any CPU
		{1AA146C7-B38E-4C75-962D-AB872D0CAEAB}.Release|Any CPU.Build.0 = Release|Any CPU
		{1AA146C7-B38E-4C75-962D-AB872D0CAEAB}.Release|Arm64.ActiveCfg = Release|Any CPU
		{1AA146C7-B38E-4C75-962D-AB872D0CAEAB}.Release|Arm64.Build.0 = Release|Any CPU
		{1AA146C7-B38E-4C75-962D-AB872D0CAEAB}.Release|x64.ActiveCfg = Release|Any CPU
		{1AA146C7-B38E-4C75-962D-AB872D0CAEAB}.Release|x64.Build.0 = Release|Any CPU
		{0EC7ADF9-2262-47B2-8CBC-ED20BB539AC7}.Debug|Any CPU.ActiveCfg = Debug|Any CPU
		{0EC7ADF9-2262-47B2-8CBC-ED20BB539AC7}.Debug|Any CPU.Build.0 = Debug|Any CPU
		{0EC7ADF9-2262-47B2-8CBC-ED20BB539AC7}.Debug|Arm64.ActiveCfg = Debug|Any CPU
		{0EC7ADF9-2262-47B2-8CBC-ED20BB539AC7}.Debug|Arm64.Build.0 = Debug|Any CPU
		{0EC7ADF9-2262-47B2-8CBC-ED20BB539AC7}.Debug|x64.ActiveCfg = Debug|Any CPU
		{0EC7ADF9-2262-47B2-8CBC-ED20BB539AC7}.Debug|x64.Build.0 = Debug|Any CPU
		{0EC7ADF9-2262-47B2-8CBC-ED20BB539AC7}.GPU|Any CPU.ActiveCfg = Release|Any CPU
		{0EC7ADF9-2262-47B2-8CBC-ED20BB539AC7}.GPU|Any CPU.Build.0 = Release|Any CPU
		{0EC7ADF9-2262-47B2-8CBC-ED20BB539AC7}.GPU|Arm64.ActiveCfg = Release|Any CPU
		{0EC7ADF9-2262-47B2-8CBC-ED20BB539AC7}.GPU|Arm64.Build.0 = Release|Any CPU
		{0EC7ADF9-2262-47B2-8CBC-ED20BB539AC7}.GPU|x64.ActiveCfg = Release|Any CPU
		{0EC7ADF9-2262-47B2-8CBC-ED20BB539AC7}.GPU|x64.Build.0 = Release|Any CPU
		{0EC7ADF9-2262-47B2-8CBC-ED20BB539AC7}.Release|Any CPU.ActiveCfg = Release|Any CPU
		{0EC7ADF9-2262-47B2-8CBC-ED20BB539AC7}.Release|Any CPU.Build.0 = Release|Any CPU
		{0EC7ADF9-2262-47B2-8CBC-ED20BB539AC7}.Release|Arm64.ActiveCfg = Release|Any CPU
		{0EC7ADF9-2262-47B2-8CBC-ED20BB539AC7}.Release|Arm64.Build.0 = Release|Any CPU
		{0EC7ADF9-2262-47B2-8CBC-ED20BB539AC7}.Release|x64.ActiveCfg = Release|Any CPU
		{0EC7ADF9-2262-47B2-8CBC-ED20BB539AC7}.Release|x64.Build.0 = Release|Any CPU
		{57410C92-BAF4-4FD1-B60B-658D84A6D9C5}.Debug|Any CPU.ActiveCfg = Debug|Any CPU
		{57410C92-BAF4-4FD1-B60B-658D84A6D9C5}.Debug|Any CPU.Build.0 = Debug|Any CPU
		{57410C92-BAF4-4FD1-B60B-658D84A6D9C5}.Debug|Arm64.ActiveCfg = Debug|Arm64
		{57410C92-BAF4-4FD1-B60B-658D84A6D9C5}.Debug|Arm64.Build.0 = Debug|Arm64
		{57410C92-BAF4-4FD1-B60B-658D84A6D9C5}.Debug|x64.ActiveCfg = Debug|x64
		{57410C92-BAF4-4FD1-B60B-658D84A6D9C5}.Debug|x64.Build.0 = Debug|x64
		{57410C92-BAF4-4FD1-B60B-658D84A6D9C5}.GPU|Any CPU.ActiveCfg = GPU|Any CPU
		{57410C92-BAF4-4FD1-B60B-658D84A6D9C5}.GPU|Any CPU.Build.0 = GPU|Any CPU
		{57410C92-BAF4-4FD1-B60B-658D84A6D9C5}.GPU|Arm64.ActiveCfg = GPU|Arm64
		{57410C92-BAF4-4FD1-B60B-658D84A6D9C5}.GPU|Arm64.Build.0 = GPU|Arm64
		{57410C92-BAF4-4FD1-B60B-658D84A6D9C5}.GPU|x64.ActiveCfg = GPU|x64
		{57410C92-BAF4-4FD1-B60B-658D84A6D9C5}.GPU|x64.Build.0 = GPU|x64
		{57410C92-BAF4-4FD1-B60B-658D84A6D9C5}.Release|Any CPU.ActiveCfg = Release|Any CPU
		{57410C92-BAF4-4FD1-B60B-658D84A6D9C5}.Release|Any CPU.Build.0 = Release|Any CPU
		{57410C92-BAF4-4FD1-B60B-658D84A6D9C5}.Release|Arm64.ActiveCfg = Release|Arm64
		{57410C92-BAF4-4FD1-B60B-658D84A6D9C5}.Release|Arm64.Build.0 = Release|Arm64
		{57410C92-BAF4-4FD1-B60B-658D84A6D9C5}.Release|x64.ActiveCfg = Release|x64
		{57410C92-BAF4-4FD1-B60B-658D84A6D9C5}.Release|x64.Build.0 = Release|x64
		{EDB2F4BA-3CEB-4294-BC24-65F26135056F}.Debug|Any CPU.ActiveCfg = Debug|Any CPU
		{EDB2F4BA-3CEB-4294-BC24-65F26135056F}.Debug|Any CPU.Build.0 = Debug|Any CPU
		{EDB2F4BA-3CEB-4294-BC24-65F26135056F}.Debug|Arm64.ActiveCfg = Debug|Any CPU
		{EDB2F4BA-3CEB-4294-BC24-65F26135056F}.Debug|Arm64.Build.0 = Debug|Any CPU
		{EDB2F4BA-3CEB-4294-BC24-65F26135056F}.Debug|x64.ActiveCfg = Debug|Any CPU
		{EDB2F4BA-3CEB-4294-BC24-65F26135056F}.Debug|x64.Build.0 = Debug|Any CPU
		{EDB2F4BA-3CEB-4294-BC24-65F26135056F}.GPU|Any CPU.ActiveCfg = Debug|Any CPU
		{EDB2F4BA-3CEB-4294-BC24-65F26135056F}.GPU|Any CPU.Build.0 = Debug|Any CPU
		{EDB2F4BA-3CEB-4294-BC24-65F26135056F}.GPU|Arm64.ActiveCfg = Debug|Any CPU
		{EDB2F4BA-3CEB-4294-BC24-65F26135056F}.GPU|Arm64.Build.0 = Debug|Any CPU
		{EDB2F4BA-3CEB-4294-BC24-65F26135056F}.GPU|x64.ActiveCfg = Debug|Any CPU
		{EDB2F4BA-3CEB-4294-BC24-65F26135056F}.GPU|x64.Build.0 = Debug|Any CPU
		{EDB2F4BA-3CEB-4294-BC24-65F26135056F}.Release|Any CPU.ActiveCfg = Release|Any CPU
		{EDB2F4BA-3CEB-4294-BC24-65F26135056F}.Release|Any CPU.Build.0 = Release|Any CPU
		{EDB2F4BA-3CEB-4294-BC24-65F26135056F}.Release|Arm64.ActiveCfg = Release|Any CPU
		{EDB2F4BA-3CEB-4294-BC24-65F26135056F}.Release|Arm64.Build.0 = Release|Any CPU
		{EDB2F4BA-3CEB-4294-BC24-65F26135056F}.Release|x64.ActiveCfg = Release|Any CPU
		{EDB2F4BA-3CEB-4294-BC24-65F26135056F}.Release|x64.Build.0 = Release|Any CPU
	EndGlobalSection
	GlobalSection(SolutionProperties) = preSolution
		HideSolutionNode = FALSE
	EndGlobalSection
	GlobalSection(NestedProjects) = preSolution
		{3E93648B-93F2-4592-9EB2-AC87B3931C91} = {E92551FE-B0EA-4C39-A6A9-AC31EA4CF720}
		{D36D8993-5F90-40BC-BCE3-9ED482874871} = {8A9347B0-59C0-4769-811E-2A809A5794AB}
		{10DD88DB-DE5A-481E-BB88-25D0BD544E12} = {8A9347B0-59C0-4769-811E-2A809A5794AB}
		{63270AE1-24D2-4AB3-ABEC-DF0227C611FA} = {3675DA68-4B47-4F6B-ABA9-A73BBE3D1FA6}
		{11FF0A14-DD56-42C1-B2CA-AEBF9FEF3EB9} = {703CDD20-E454-4130-95B0-D958CF1A0385}
		{B63C3753-33B6-4EEE-A6C9-2FF2F7FC72AA} = {703CDD20-E454-4130-95B0-D958CF1A0385}
		{8A9347B0-59C0-4769-811E-2A809A5794AB} = {E92551FE-B0EA-4C39-A6A9-AC31EA4CF720}
		{C5BD5080-E92E-416D-8FE3-AD554C175122} = {B63C3753-33B6-4EEE-A6C9-2FF2F7FC72AA}
		{69D83285-7FD4-4948-B0C4-66A9B10516C8} = {F0E9906E-2AB5-479A-B2A8-519DE4CD4917}
		{F9C6B042-1C42-46E3-B42C-AEE545099809} = {36278D88-2ED6-43C4-8A24-688A0A9D5422}
		{930C3329-24E2-4062-B97D-7E374BAA0732} = {36278D88-2ED6-43C4-8A24-688A0A9D5422}
		{D1EDC36B-DC43-4B6A-946B-50D91A4ADE4D} = {930C3329-24E2-4062-B97D-7E374BAA0732}
		{F9EE5C46-899B-4F82-88A6-1E527732EA07} = {69D83285-7FD4-4948-B0C4-66A9B10516C8}
		{46C98F64-A28D-4D2A-84B5-141E6276063B} = {F0E9906E-2AB5-479A-B2A8-519DE4CD4917}
		{905260F0-6153-4939-A9A1-03CC16D7555C} = {F0E9906E-2AB5-479A-B2A8-519DE4CD4917}
		{8AF9E45F-AF31-436F-A52B-38C27D5DF540} = {F0E9906E-2AB5-479A-B2A8-519DE4CD4917}
		{7FA0D828-9A40-4943-AE43-53DFC45A4958} = {3675DA68-4B47-4F6B-ABA9-A73BBE3D1FA6}
		{45C7AC1D-15E2-4AC4-8837-C65B94F16D1E} = {930C3329-24E2-4062-B97D-7E374BAA0732}
		{B2864683-C195-471A-91BE-6E86A7E2331E} = {9FCD611C-72B6-44FC-A19B-7FF5CA72AB9D}
		{7591A36E-6971-4D59-9846-CA765F1EE26E} = {B2864683-C195-471A-91BE-6E86A7E2331E}
		{93ED6FF4-9B51-47ED-A522-E4BC91206AE3} = {703CDD20-E454-4130-95B0-D958CF1A0385}
		{B6195235-B673-4CFD-82D6-B0B61613FBFE} = {47F74063-21C4-4BAB-A691-FBB7BC7664BB}
		{E209937D-6939-4835-BA0C-A34F594165E3} = {3675DA68-4B47-4F6B-ABA9-A73BBE3D1FA6}
		{D0F34299-10DC-4128-8452-4E1B1C7CBAA1} = {6A99DDC0-204F-4739-BEF3-798DE65D510F}
		{3B1D9E1E-97EE-47FC-86BA-92DE7EDE1097} = {E209937D-6939-4835-BA0C-A34F594165E3}
		{B8E31216-CADD-4C45-B22D-24A5BD581936} = {36278D88-2ED6-43C4-8A24-688A0A9D5422}
		{20C651E1-92A5-41AB-97B0-3877DC7471E3} = {D0F34299-10DC-4128-8452-4E1B1C7CBAA1}
		{10B387F3-0907-41E6-B3C9-8B22144FFE2F} = {83D32A6A-E08B-4C8C-A991-E2B839BE3D6F}
		{5921FA23-D605-48B9-9490-94C888068245} = {10B387F3-0907-41E6-B3C9-8B22144FFE2F}
		{6A99DDC0-204F-4739-BEF3-798DE65D510F} = {83D32A6A-E08B-4C8C-A991-E2B839BE3D6F}
		{E5DBDCEE-CDF6-4376-B614-63EE214D29E1} = {6A99DDC0-204F-4739-BEF3-798DE65D510F}
		{C1BA7EB1-16DA-473A-A31E-A4D40BCEF43A} = {10B387F3-0907-41E6-B3C9-8B22144FFE2F}
		{34585743-4128-4CE1-8E43-18045CC766F8} = {6A99DDC0-204F-4739-BEF3-798DE65D510F}
		{6F24D230-12DB-47E2-9B8A-CCB49D5D7AAB} = {E5DBDCEE-CDF6-4376-B614-63EE214D29E1}
		{C921A759-450F-447D-B42F-334974DA525D} = {F0E9906E-2AB5-479A-B2A8-519DE4CD4917}
		{BF765FFD-3C87-46DE-A956-B1E0CAD8B20E} = {E92551FE-B0EA-4C39-A6A9-AC31EA4CF720}
		{5D9C2E8B-46F0-45A2-9865-A56CEBAD2578} = {8AEF073B-5837-43E9-82C1-BDE1BEBBAF88}
		{F7BC5B9C-3947-4895-AF83-BC5462A64220} = {8AEF073B-5837-43E9-82C1-BDE1BEBBAF88}
		{47F74063-21C4-4BAB-A691-FBB7BC7664BB} = {8AEF073B-5837-43E9-82C1-BDE1BEBBAF88}
		{215F2AF5-5423-422D-9428-607280D33981} = {F7BC5B9C-3947-4895-AF83-BC5462A64220}
		{A64CB632-B5F8-475C-B0B3-F0133A6AE28E} = {5D9C2E8B-46F0-45A2-9865-A56CEBAD2578}
		{882D258C-A17C-47C7-B5C0-269643551940} = {5D9C2E8B-46F0-45A2-9865-A56CEBAD2578}
		{0DD74B9F-89BA-49E2-A0C7-D8BD1F8921FE} = {8AEF073B-5837-43E9-82C1-BDE1BEBBAF88}
		{C1C1DC04-591B-4660-BD08-46706F04BE44} = {47F74063-21C4-4BAB-A691-FBB7BC7664BB}
		{0B2DCD5A-A6E3-4C64-8570-86C2669B58E5} = {B6195235-B673-4CFD-82D6-B0B61613FBFE}
		{672E3C6F-E32F-47A8-8E6D-BABC6BA8B6C8} = {215F2AF5-5423-422D-9428-607280D33981}
		{8D627978-DB16-46E5-A94D-95520E29C6D9} = {F7BC5B9C-3947-4895-AF83-BC5462A64220}
		{FC424F07-3128-45DF-B5AF-EEB95BEE7C8C} = {D0F34299-10DC-4128-8452-4E1B1C7CBAA1}
		{3A1C7F50-456B-44C2-AA7D-62B36F4FA4F4} = {20C651E1-92A5-41AB-97B0-3877DC7471E3}
		{2E2A9C4B-9EA5-43B3-9C1E-23AE4720E05E} = {6A99DDC0-204F-4739-BEF3-798DE65D510F}
		{2CC0858C-7ADA-46FF-9FBD-71496F43CD85} = {5921FA23-D605-48B9-9490-94C888068245}
		{84A6A396-B7B2-4128-9490-049E612EADF5} = {BF765FFD-3C87-46DE-A956-B1E0CAD8B20E}
		{9E1C8093-DA16-439F-92D7-A21D0805371D} = {BF765FFD-3C87-46DE-A956-B1E0CAD8B20E}
		{1AA146C7-B38E-4C75-962D-AB872D0CAEAB} = {C921A759-450F-447D-B42F-334974DA525D}
		{6067DD10-5A6E-4EF1-9817-E0F85FACCD0D} = {B9382A80-9CEB-4014-90CF-CCA6656F2003}
		{0EC7ADF9-2262-47B2-8CBC-ED20BB539AC7} = {6067DD10-5A6E-4EF1-9817-E0F85FACCD0D}
		{57410C92-BAF4-4FD1-B60B-658D84A6D9C5} = {B9382A80-9CEB-4014-90CF-CCA6656F2003}
		{EDB2F4BA-3CEB-4294-BC24-65F26135056F} = {703CDD20-E454-4130-95B0-D958CF1A0385}
	EndGlobalSection
	GlobalSection(ExtensibilityGlobals) = postSolution
		SolutionGuid = {1A365742-464F-4F92-BCF0-6F080A5C398C}
	EndGlobalSection
EndGlobal
