Microsoft Visual Studio Solution File, Format Version 12.00
# Visual Studio Version 17
VisualStudioVersion = 17.6.33723.286
MinimumVisualStudioVersion = 10.0.40219.1
Project("{2150E333-8FDC-42A3-9474-1A3956D46DE8}") = "Examples", "Examples", "{4B219665-5F59-440D-9ECF-1346C4A48B34}"
EndProject
Project("{9A19103F-16F7-4668-BE54-9A1E7A4F7556}") = "OpenAI.Client", "OpenAI\OpenAI.Client\OpenAI.Client.csproj", "{3E93648B-93F2-4592-9EB2-AC87B3931C91}"
EndProject
Project("{9A19103F-16F7-4668-BE54-9A1E7A4F7556}") = "OpenAI.Tests", "OpenAI\Tests\OpenAI.Tests\OpenAI.Tests.csproj", "{D36D8993-5F90-40BC-BCE3-9ED482874871}"
EndProject
Project("{9A19103F-16F7-4668-BE54-9A1E7A4F7556}") = "Azure.OpenAI.Tests", "OpenAI\Tests\Azure.OpenAI.Tests\Azure.OpenAI.Tests.csproj", "{10DD88DB-DE5A-481E-BB88-25D0BD544E12}"
EndProject
Project("{9A19103F-16F7-4668-BE54-9A1E7A4F7556}") = "AI.Library", "AI.Library\AI.Library.csproj", "{63270AE1-24D2-4AB3-ABEC-DF0227C611FA}"
EndProject
Project("{2150E333-8FDC-42A3-9474-1A3956D46DE8}") = "OpenAI", "OpenAI", "{E92551FE-B0EA-4C39-A6A9-AC31EA4CF720}"
EndProject
Project("{2150E333-8FDC-42A3-9474-1A3956D46DE8}") = "LLamaSharp", "LLamaSharp", "{703CDD20-E454-4130-95B0-D958CF1A0385}"
	ProjectSection(SolutionItems) = preProject
		LLamaSharp\README.md = LLamaSharp\README.md
	EndProjectSection
EndProject
Project("{9A19103F-16F7-4668-BE54-9A1E7A4F7556}") = "LLamaSharpApp.WebAPI", "LLamaSharp\LLamaSharpApp.WebAPI\LLamaSharpApp.WebAPI.csproj", "{11FF0A14-DD56-42C1-B2CA-AEBF9FEF3EB9}"
EndProject
Project("{2150E333-8FDC-42A3-9474-1A3956D46DE8}") = "Tests", "Tests", "{B63C3753-33B6-4EEE-A6C9-2FF2F7FC72AA}"
EndProject
Project("{2150E333-8FDC-42A3-9474-1A3956D46DE8}") = "Tests", "Tests", "{8A9347B0-59C0-4769-811E-2A809A5794AB}"
EndProject
Project("{9A19103F-16F7-4668-BE54-9A1E7A4F7556}") = "LlamaSharp.Tests", "LLamaSharp\Tests\LlmaSharp.Tests\LlamaSharp.Tests.csproj", "{C5BD5080-E92E-416D-8FE3-AD554C175122}"
EndProject
Project("{2150E333-8FDC-42A3-9474-1A3956D46DE8}") = "ConversationAsAPlatform", "ConversationAsAPlatform", "{F0E9906E-2AB5-479A-B2A8-519DE4CD4917}"
EndProject
Project("{2150E333-8FDC-42A3-9474-1A3956D46DE8}") = "Tests", "Tests", "{69D83285-7FD4-4948-B0C4-66A9B10516C8}"
EndProject
Project("{2150E333-8FDC-42A3-9474-1A3956D46DE8}") = "VectorDatabases", "VectorDatabases", "{36278D88-2ED6-43C4-8A24-688A0A9D5422}"
EndProject
Project("{9A19103F-16F7-4668-BE54-9A1E7A4F7556}") = "AI.VectorDatabase.Qdrant", "VectorDatabases\AI.VectorDatabases.Qdrant\AI.VectorDatabase.Qdrant.csproj", "{F9C6B042-1C42-46E3-B42C-AEE545099809}"
EndProject
Project("{2150E333-8FDC-42A3-9474-1A3956D46DE8}") = "Tests", "Tests", "{930C3329-24E2-4062-B97D-7E374BAA0732}"
EndProject
Project("{9A19103F-16F7-4668-BE54-9A1E7A4F7556}") = "ChatGPT.Console.App", "Examples\ChatGPT.Console.App\ChatGPT.Console.App.csproj", "{976FB1E5-5AEB-43B7-81A2-865AD4023B05}"
EndProject
Project("{9A19103F-16F7-4668-BE54-9A1E7A4F7556}") = "ChatGPT.Wpf.App", "Examples\ChatGPT.Wpf.App\ChatGPT.Wpf.App.csproj", "{83305D68-C2C1-41DC-ACFD-8BFAB6F4A3D8}"
EndProject
Project("{9A19103F-16F7-4668-BE54-9A1E7A4F7556}") = "ML.TensorFlowApp.WebAPI", "Examples\ML.TensorFlowApp.WebAPI\ML.TensorFlowApp.WebAPI.csproj", "{58212E7C-C3D9-43A1-83D5-7E07D267E5B6}"
EndProject
Project("{9A19103F-16F7-4668-BE54-9A1E7A4F7556}") = "TensorFlowApp.WebAPI", "Examples\TensorFlowApp.WebAPI\TensorFlowApp.WebAPI.csproj", "{48D02383-9102-4820-85C8-017624E8658F}"
EndProject
Project("{9A19103F-16F7-4668-BE54-9A1E7A4F7556}") = "AI.CaaP.Client", "Examples\AI.CaaP.Client\AI.CaaP.Client.csproj", "{81BD10EA-A22E-4DDC-BC38-54C7901394EE}"
EndProject
Project("{9A19103F-16F7-4668-BE54-9A1E7A4F7556}") = "Qdrant.Tests", "VectorDatabases\Tests\Qdrant.Tests\Qdrant.Tests.csproj", "{D1EDC36B-DC43-4B6A-946B-50D91A4ADE4D}"
EndProject
Project("{9A19103F-16F7-4668-BE54-9A1E7A4F7556}") = "AI.Caap.Tests", "ConversationAsAPlatform\Tests\AI.Caap.Tests\AI.Caap.Tests.csproj", "{F9EE5C46-899B-4F82-88A6-1E527732EA07}"
EndProject
Project("{9A19103F-16F7-4668-BE54-9A1E7A4F7556}") = "AI.CaaP", "ConversationAsAPlatform\AI.CaaP\AI.CaaP.csproj", "{46C98F64-A28D-4D2A-84B5-141E6276063B}"
EndProject
Project("{9A19103F-16F7-4668-BE54-9A1E7A4F7556}") = "AI.CaaP.Repository", "ConversationAsAPlatform\AI.CaaP.Repository\AI.CaaP.Repository.csproj", "{905260F0-6153-4939-A9A1-03CC16D7555C}"
EndProject
Project("{9A19103F-16F7-4668-BE54-9A1E7A4F7556}") = "AI.CaaP.WebAPI", "ConversationAsAPlatform\AI.CaaP.WebAPI\AI.CaaP.WebAPI.csproj", "{8AF9E45F-AF31-436F-A52B-38C27D5DF540}"
EndProject
Project("{9A19103F-16F7-4668-BE54-9A1E7A4F7556}") = "AI.Test.Support", "AI.Test.Support\AI.Test.Support.csproj", "{7FA0D828-9A40-4943-AE43-53DFC45A4958}"
EndProject
Project("{9A19103F-16F7-4668-BE54-9A1E7A4F7556}") = "Embeddings.Qdrant.Tests", "VectorDatabases\Tests\Embeddings.Qdrant.Tests\Embeddings.Qdrant.Tests.csproj", "{45C7AC1D-15E2-4AC4-8837-C65B94F16D1E}"
EndProject
Project("{2150E333-8FDC-42A3-9474-1A3956D46DE8}") = "Solution Items", "Solution Items", "{D5CCAF46-AFEE-4AD7-AFEA-3EADA69927CE}"
	ProjectSection(SolutionItems) = preProject
		..\README.md = ..\README.md
	EndProjectSection
EndProject
Project("{2150E333-8FDC-42A3-9474-1A3956D46DE8}") = "SemanticKernel", "SemanticKernel", "{83D32A6A-E08B-4C8C-A991-E2B839BE3D6F}"
	ProjectSection(SolutionItems) = preProject
		README.md = README.md
	EndProjectSection
EndProject
Project("{2150E333-8FDC-42A3-9474-1A3956D46DE8}") = "Tests", "Tests", "{7B547F1B-D200-433D-8B6E-33B5E3A5B724}"
EndProject
Project("{9A19103F-16F7-4668-BE54-9A1E7A4F7556}") = "SemanticKernel.Tests", "SemanticKernel\Tests\SemanticKernel.Tests\SemanticKernel.Tests.csproj", "{478EBCCF-728D-4B25-BF00-3FD5889B5380}"
EndProject
Project("{2150E333-8FDC-42A3-9474-1A3956D46DE8}") = "FinancialAgents", "FinancialAgents", "{9FCD611C-72B6-44FC-A19B-7FF5CA72AB9D}"
	ProjectSection(SolutionItems) = preProject
		FinancialAgents\README.md = FinancialAgents\README.md
	EndProjectSection
EndProject
Project("{2150E333-8FDC-42A3-9474-1A3956D46DE8}") = "Tests", "Tests", "{B2864683-C195-471A-91BE-6E86A7E2331E}"
EndProject
Project("{9A19103F-16F7-4668-BE54-9A1E7A4F7556}") = "FinancialAgents.Tests", "FinancialAgents\Tests\FinancialAgents.Tests\FinancialAgents.Tests.csproj", "{7591A36E-6971-4D59-9846-CA765F1EE26E}"
EndProject
Project("{2150E333-8FDC-42A3-9474-1A3956D46DE8}") = "ImageClassification-TensorFlow", "ImageClassification-TensorFlow", "{8AEF073B-5837-43E9-82C1-BDE1BEBBAF88}"
EndProject
Project("{2150E333-8FDC-42A3-9474-1A3956D46DE8}") = "Tests", "Tests", "{0C0EFC44-80E3-4A52-AD67-F6EFE846E7C8}"
EndProject
Project("{9A19103F-16F7-4668-BE54-9A1E7A4F7556}") = "ML.Net.ImageClassification.Tests", "ImageClassification\Tests\ML.Net.ImageClassification.Tests\ML.Net.ImageClassification.Tests.csproj", "{CDB46E5E-37CE-4AF0-B66E-1ED5888F2DDB}"
EndProject
Project("{9A19103F-16F7-4668-BE54-9A1E7A4F7556}") = "TensorFlow.Net.ImageClassification.Tests", "ImageClassification\Tests\TensorFlow.Net.ImageClassification.Tests\TensorFlow.Net.ImageClassification.Tests.csproj", "{FE12F1DB-14B2-4A2D-8A7B-87F8A553E09C}"
EndProject
Project("{9A19103F-16F7-4668-BE54-9A1E7A4F7556}") = "Ml.Net.ImageClassification.Domain", "ImageClassification\Ml.Net.ImageClassification.Domain\Ml.Net.ImageClassification.Domain.csproj", "{42B05CF2-F76E-46FF-8115-53F196BFE7BC}"
EndProject
Project("{9A19103F-16F7-4668-BE54-9A1E7A4F7556}") = "TensorFlow.ImageClassification.Domain", "ImageClassification\TensorFlow.ImageClassification.Domain\TensorFlow.ImageClassification.Domain.csproj", "{BDCC90FC-EB5A-417B-89B2-97B4EF5AD6BE}"
EndProject
Project("{9A19103F-16F7-4668-BE54-9A1E7A4F7556}") = "ImageClassification.Domain", "ImageClassification\ImageClassification.Domain\ImageClassification.Domain.csproj", "{429A468B-BEFD-472D-ABF4-B47ECAE356E4}"
EndProject
Project("{9A19103F-16F7-4668-BE54-9A1E7A4F7556}") = "LLamaSharp.Domain", "LLamaSharp\LLamaSharp.Domain\LLamaSharp.Domain.csproj", "{93ED6FF4-9B51-47ED-A522-E4BC91206AE3}"
EndProject
Project("{2150E333-8FDC-42A3-9474-1A3956D46DE8}") = "Tests", "Tests", "{B6195235-B673-4CFD-82D6-B0B61613FBFE}"
EndProject
Global
	GlobalSection(SolutionConfigurationPlatforms) = preSolution
		Debug|Any CPU = Debug|Any CPU
		Release|Any CPU = Release|Any CPU
	EndGlobalSection
	GlobalSection(ProjectConfigurationPlatforms) = postSolution
		{3E93648B-93F2-4592-9EB2-AC87B3931C91}.Debug|Any CPU.ActiveCfg = Debug|Any CPU
		{3E93648B-93F2-4592-9EB2-AC87B3931C91}.Debug|Any CPU.Build.0 = Debug|Any CPU
		{3E93648B-93F2-4592-9EB2-AC87B3931C91}.Release|Any CPU.ActiveCfg = Release|Any CPU
		{3E93648B-93F2-4592-9EB2-AC87B3931C91}.Release|Any CPU.Build.0 = Release|Any CPU
		{D36D8993-5F90-40BC-BCE3-9ED482874871}.Debug|Any CPU.ActiveCfg = Debug|Any CPU
		{D36D8993-5F90-40BC-BCE3-9ED482874871}.Debug|Any CPU.Build.0 = Debug|Any CPU
		{D36D8993-5F90-40BC-BCE3-9ED482874871}.Release|Any CPU.ActiveCfg = Release|Any CPU
		{D36D8993-5F90-40BC-BCE3-9ED482874871}.Release|Any CPU.Build.0 = Release|Any CPU
		{10DD88DB-DE5A-481E-BB88-25D0BD544E12}.Debug|Any CPU.ActiveCfg = Debug|Any CPU
		{10DD88DB-DE5A-481E-BB88-25D0BD544E12}.Debug|Any CPU.Build.0 = Debug|Any CPU
		{10DD88DB-DE5A-481E-BB88-25D0BD544E12}.Release|Any CPU.ActiveCfg = Release|Any CPU
		{10DD88DB-DE5A-481E-BB88-25D0BD544E12}.Release|Any CPU.Build.0 = Release|Any CPU
		{63270AE1-24D2-4AB3-ABEC-DF0227C611FA}.Debug|Any CPU.ActiveCfg = Debug|Any CPU
		{63270AE1-24D2-4AB3-ABEC-DF0227C611FA}.Debug|Any CPU.Build.0 = Debug|Any CPU
		{63270AE1-24D2-4AB3-ABEC-DF0227C611FA}.Release|Any CPU.ActiveCfg = Release|Any CPU
		{63270AE1-24D2-4AB3-ABEC-DF0227C611FA}.Release|Any CPU.Build.0 = Release|Any CPU
		{11FF0A14-DD56-42C1-B2CA-AEBF9FEF3EB9}.Debug|Any CPU.ActiveCfg = Debug|Any CPU
		{11FF0A14-DD56-42C1-B2CA-AEBF9FEF3EB9}.Debug|Any CPU.Build.0 = Debug|Any CPU
		{11FF0A14-DD56-42C1-B2CA-AEBF9FEF3EB9}.Release|Any CPU.ActiveCfg = Release|Any CPU
		{11FF0A14-DD56-42C1-B2CA-AEBF9FEF3EB9}.Release|Any CPU.Build.0 = Release|Any CPU
		{C5BD5080-E92E-416D-8FE3-AD554C175122}.Debug|Any CPU.ActiveCfg = Debug|Any CPU
		{C5BD5080-E92E-416D-8FE3-AD554C175122}.Debug|Any CPU.Build.0 = Debug|Any CPU
		{C5BD5080-E92E-416D-8FE3-AD554C175122}.Release|Any CPU.ActiveCfg = Release|Any CPU
		{C5BD5080-E92E-416D-8FE3-AD554C175122}.Release|Any CPU.Build.0 = Release|Any CPU
		{F9C6B042-1C42-46E3-B42C-AEE545099809}.Debug|Any CPU.ActiveCfg = Debug|Any CPU
		{F9C6B042-1C42-46E3-B42C-AEE545099809}.Debug|Any CPU.Build.0 = Debug|Any CPU
		{F9C6B042-1C42-46E3-B42C-AEE545099809}.Release|Any CPU.ActiveCfg = Release|Any CPU
		{F9C6B042-1C42-46E3-B42C-AEE545099809}.Release|Any CPU.Build.0 = Release|Any CPU
		{976FB1E5-5AEB-43B7-81A2-865AD4023B05}.Debug|Any CPU.ActiveCfg = Debug|Any CPU
		{976FB1E5-5AEB-43B7-81A2-865AD4023B05}.Debug|Any CPU.Build.0 = Debug|Any CPU
		{976FB1E5-5AEB-43B7-81A2-865AD4023B05}.Release|Any CPU.ActiveCfg = Release|Any CPU
		{976FB1E5-5AEB-43B7-81A2-865AD4023B05}.Release|Any CPU.Build.0 = Release|Any CPU
		{83305D68-C2C1-41DC-ACFD-8BFAB6F4A3D8}.Debug|Any CPU.ActiveCfg = Debug|Any CPU
		{83305D68-C2C1-41DC-ACFD-8BFAB6F4A3D8}.Debug|Any CPU.Build.0 = Debug|Any CPU
		{83305D68-C2C1-41DC-ACFD-8BFAB6F4A3D8}.Release|Any CPU.ActiveCfg = Release|Any CPU
		{83305D68-C2C1-41DC-ACFD-8BFAB6F4A3D8}.Release|Any CPU.Build.0 = Release|Any CPU
		{58212E7C-C3D9-43A1-83D5-7E07D267E5B6}.Debug|Any CPU.ActiveCfg = Debug|Any CPU
		{58212E7C-C3D9-43A1-83D5-7E07D267E5B6}.Debug|Any CPU.Build.0 = Debug|Any CPU
		{58212E7C-C3D9-43A1-83D5-7E07D267E5B6}.Release|Any CPU.ActiveCfg = Release|Any CPU
		{58212E7C-C3D9-43A1-83D5-7E07D267E5B6}.Release|Any CPU.Build.0 = Release|Any CPU
		{48D02383-9102-4820-85C8-017624E8658F}.Debug|Any CPU.ActiveCfg = Debug|Any CPU
		{48D02383-9102-4820-85C8-017624E8658F}.Debug|Any CPU.Build.0 = Debug|Any CPU
		{48D02383-9102-4820-85C8-017624E8658F}.Release|Any CPU.ActiveCfg = Release|Any CPU
		{48D02383-9102-4820-85C8-017624E8658F}.Release|Any CPU.Build.0 = Release|Any CPU
		{81BD10EA-A22E-4DDC-BC38-54C7901394EE}.Debug|Any CPU.ActiveCfg = Debug|Any CPU
		{81BD10EA-A22E-4DDC-BC38-54C7901394EE}.Debug|Any CPU.Build.0 = Debug|Any CPU
		{81BD10EA-A22E-4DDC-BC38-54C7901394EE}.Release|Any CPU.ActiveCfg = Release|Any CPU
		{81BD10EA-A22E-4DDC-BC38-54C7901394EE}.Release|Any CPU.Build.0 = Release|Any CPU
		{D1EDC36B-DC43-4B6A-946B-50D91A4ADE4D}.Debug|Any CPU.ActiveCfg = Debug|Any CPU
		{D1EDC36B-DC43-4B6A-946B-50D91A4ADE4D}.Debug|Any CPU.Build.0 = Debug|Any CPU
		{D1EDC36B-DC43-4B6A-946B-50D91A4ADE4D}.Release|Any CPU.ActiveCfg = Release|Any CPU
		{D1EDC36B-DC43-4B6A-946B-50D91A4ADE4D}.Release|Any CPU.Build.0 = Release|Any CPU
		{F9EE5C46-899B-4F82-88A6-1E527732EA07}.Debug|Any CPU.ActiveCfg = Debug|Any CPU
		{F9EE5C46-899B-4F82-88A6-1E527732EA07}.Debug|Any CPU.Build.0 = Debug|Any CPU
		{F9EE5C46-899B-4F82-88A6-1E527732EA07}.Release|Any CPU.ActiveCfg = Release|Any CPU
		{F9EE5C46-899B-4F82-88A6-1E527732EA07}.Release|Any CPU.Build.0 = Release|Any CPU
		{46C98F64-A28D-4D2A-84B5-141E6276063B}.Debug|Any CPU.ActiveCfg = Debug|Any CPU
		{46C98F64-A28D-4D2A-84B5-141E6276063B}.Debug|Any CPU.Build.0 = Debug|Any CPU
		{46C98F64-A28D-4D2A-84B5-141E6276063B}.Release|Any CPU.ActiveCfg = Release|Any CPU
		{46C98F64-A28D-4D2A-84B5-141E6276063B}.Release|Any CPU.Build.0 = Release|Any CPU
		{905260F0-6153-4939-A9A1-03CC16D7555C}.Debug|Any CPU.ActiveCfg = Debug|Any CPU
		{905260F0-6153-4939-A9A1-03CC16D7555C}.Debug|Any CPU.Build.0 = Debug|Any CPU
		{905260F0-6153-4939-A9A1-03CC16D7555C}.Release|Any CPU.ActiveCfg = Release|Any CPU
		{905260F0-6153-4939-A9A1-03CC16D7555C}.Release|Any CPU.Build.0 = Release|Any CPU
		{8AF9E45F-AF31-436F-A52B-38C27D5DF540}.Debug|Any CPU.ActiveCfg = Debug|Any CPU
		{8AF9E45F-AF31-436F-A52B-38C27D5DF540}.Debug|Any CPU.Build.0 = Debug|Any CPU
		{8AF9E45F-AF31-436F-A52B-38C27D5DF540}.Release|Any CPU.ActiveCfg = Release|Any CPU
		{8AF9E45F-AF31-436F-A52B-38C27D5DF540}.Release|Any CPU.Build.0 = Release|Any CPU
		{7FA0D828-9A40-4943-AE43-53DFC45A4958}.Debug|Any CPU.ActiveCfg = Debug|Any CPU
		{7FA0D828-9A40-4943-AE43-53DFC45A4958}.Debug|Any CPU.Build.0 = Debug|Any CPU
		{7FA0D828-9A40-4943-AE43-53DFC45A4958}.Release|Any CPU.ActiveCfg = Release|Any CPU
		{7FA0D828-9A40-4943-AE43-53DFC45A4958}.Release|Any CPU.Build.0 = Release|Any CPU
		{45C7AC1D-15E2-4AC4-8837-C65B94F16D1E}.Debug|Any CPU.ActiveCfg = Debug|Any CPU
		{45C7AC1D-15E2-4AC4-8837-C65B94F16D1E}.Debug|Any CPU.Build.0 = Debug|Any CPU
		{45C7AC1D-15E2-4AC4-8837-C65B94F16D1E}.Release|Any CPU.ActiveCfg = Release|Any CPU
		{45C7AC1D-15E2-4AC4-8837-C65B94F16D1E}.Release|Any CPU.Build.0 = Release|Any CPU
		{478EBCCF-728D-4B25-BF00-3FD5889B5380}.Debug|Any CPU.ActiveCfg = Debug|Any CPU
		{478EBCCF-728D-4B25-BF00-3FD5889B5380}.Debug|Any CPU.Build.0 = Debug|Any CPU
		{478EBCCF-728D-4B25-BF00-3FD5889B5380}.Release|Any CPU.ActiveCfg = Release|Any CPU
		{478EBCCF-728D-4B25-BF00-3FD5889B5380}.Release|Any CPU.Build.0 = Release|Any CPU
		{7591A36E-6971-4D59-9846-CA765F1EE26E}.Debug|Any CPU.ActiveCfg = Debug|Any CPU
		{7591A36E-6971-4D59-9846-CA765F1EE26E}.Debug|Any CPU.Build.0 = Debug|Any CPU
		{7591A36E-6971-4D59-9846-CA765F1EE26E}.Release|Any CPU.ActiveCfg = Release|Any CPU
		{7591A36E-6971-4D59-9846-CA765F1EE26E}.Release|Any CPU.Build.0 = Release|Any CPU
		{42B05CF2-F76E-46FF-8115-53F196BFE7BC}.Debug|Any CPU.ActiveCfg = Debug|Any CPU
		{42B05CF2-F76E-46FF-8115-53F196BFE7BC}.Debug|Any CPU.Build.0 = Debug|Any CPU
		{42B05CF2-F76E-46FF-8115-53F196BFE7BC}.Release|Any CPU.ActiveCfg = Release|Any CPU
		{42B05CF2-F76E-46FF-8115-53F196BFE7BC}.Release|Any CPU.Build.0 = Release|Any CPU
		{BDCC90FC-EB5A-417B-89B2-97B4EF5AD6BE}.Debug|Any CPU.ActiveCfg = Debug|Any CPU
		{BDCC90FC-EB5A-417B-89B2-97B4EF5AD6BE}.Debug|Any CPU.Build.0 = Debug|Any CPU
		{BDCC90FC-EB5A-417B-89B2-97B4EF5AD6BE}.Release|Any CPU.ActiveCfg = Release|Any CPU
		{BDCC90FC-EB5A-417B-89B2-97B4EF5AD6BE}.Release|Any CPU.Build.0 = Release|Any CPU
		{429A468B-BEFD-472D-ABF4-B47ECAE356E4}.Debug|Any CPU.ActiveCfg = Debug|Any CPU
		{429A468B-BEFD-472D-ABF4-B47ECAE356E4}.Debug|Any CPU.Build.0 = Debug|Any CPU
		{429A468B-BEFD-472D-ABF4-B47ECAE356E4}.Release|Any CPU.ActiveCfg = Release|Any CPU
		{429A468B-BEFD-472D-ABF4-B47ECAE356E4}.Release|Any CPU.Build.0 = Release|Any CPU
		{93ED6FF4-9B51-47ED-A522-E4BC91206AE3}.Debug|Any CPU.ActiveCfg = Debug|Any CPU
		{93ED6FF4-9B51-47ED-A522-E4BC91206AE3}.Debug|Any CPU.Build.0 = Debug|Any CPU
		{93ED6FF4-9B51-47ED-A522-E4BC91206AE3}.Release|Any CPU.ActiveCfg = Release|Any CPU
		{93ED6FF4-9B51-47ED-A522-E4BC91206AE3}.Release|Any CPU.Build.0 = Release|Any CPU
	EndGlobalSection
	GlobalSection(SolutionProperties) = preSolution
		HideSolutionNode = FALSE
	EndGlobalSection
	GlobalSection(NestedProjects) = preSolution
		{3E93648B-93F2-4592-9EB2-AC87B3931C91} = {E92551FE-B0EA-4C39-A6A9-AC31EA4CF720}
		{D36D8993-5F90-40BC-BCE3-9ED482874871} = {8A9347B0-59C0-4769-811E-2A809A5794AB}
		{10DD88DB-DE5A-481E-BB88-25D0BD544E12} = {8A9347B0-59C0-4769-811E-2A809A5794AB}
		{11FF0A14-DD56-42C1-B2CA-AEBF9FEF3EB9} = {703CDD20-E454-4130-95B0-D958CF1A0385}
		{B63C3753-33B6-4EEE-A6C9-2FF2F7FC72AA} = {703CDD20-E454-4130-95B0-D958CF1A0385}
		{8A9347B0-59C0-4769-811E-2A809A5794AB} = {E92551FE-B0EA-4C39-A6A9-AC31EA4CF720}
		{C5BD5080-E92E-416D-8FE3-AD554C175122} = {B63C3753-33B6-4EEE-A6C9-2FF2F7FC72AA}
		{69D83285-7FD4-4948-B0C4-66A9B10516C8} = {F0E9906E-2AB5-479A-B2A8-519DE4CD4917}
		{F9C6B042-1C42-46E3-B42C-AEE545099809} = {36278D88-2ED6-43C4-8A24-688A0A9D5422}
		{930C3329-24E2-4062-B97D-7E374BAA0732} = {36278D88-2ED6-43C4-8A24-688A0A9D5422}
		{976FB1E5-5AEB-43B7-81A2-865AD4023B05} = {4B219665-5F59-440D-9ECF-1346C4A48B34}
		{83305D68-C2C1-41DC-ACFD-8BFAB6F4A3D8} = {4B219665-5F59-440D-9ECF-1346C4A48B34}
		{58212E7C-C3D9-43A1-83D5-7E07D267E5B6} = {4B219665-5F59-440D-9ECF-1346C4A48B34}
		{48D02383-9102-4820-85C8-017624E8658F} = {4B219665-5F59-440D-9ECF-1346C4A48B34}
		{81BD10EA-A22E-4DDC-BC38-54C7901394EE} = {4B219665-5F59-440D-9ECF-1346C4A48B34}
		{D1EDC36B-DC43-4B6A-946B-50D91A4ADE4D} = {930C3329-24E2-4062-B97D-7E374BAA0732}
		{F9EE5C46-899B-4F82-88A6-1E527732EA07} = {69D83285-7FD4-4948-B0C4-66A9B10516C8}
		{46C98F64-A28D-4D2A-84B5-141E6276063B} = {F0E9906E-2AB5-479A-B2A8-519DE4CD4917}
		{905260F0-6153-4939-A9A1-03CC16D7555C} = {F0E9906E-2AB5-479A-B2A8-519DE4CD4917}
		{8AF9E45F-AF31-436F-A52B-38C27D5DF540} = {F0E9906E-2AB5-479A-B2A8-519DE4CD4917}
		{45C7AC1D-15E2-4AC4-8837-C65B94F16D1E} = {930C3329-24E2-4062-B97D-7E374BAA0732}
		{7B547F1B-D200-433D-8B6E-33B5E3A5B724} = {83D32A6A-E08B-4C8C-A991-E2B839BE3D6F}
		{478EBCCF-728D-4B25-BF00-3FD5889B5380} = {7B547F1B-D200-433D-8B6E-33B5E3A5B724}
		{B2864683-C195-471A-91BE-6E86A7E2331E} = {9FCD611C-72B6-44FC-A19B-7FF5CA72AB9D}
		{7591A36E-6971-4D59-9846-CA765F1EE26E} = {B2864683-C195-471A-91BE-6E86A7E2331E}
		{429A468B-BEFD-472D-ABF4-B47ECAE356E4} = {8AEF073B-5837-43E9-82C1-BDE1BEBBAF88}
		{93ED6FF4-9B51-47ED-A522-E4BC91206AE3} = {703CDD20-E454-4130-95B0-D958CF1A0385}
		{B6195235-B673-4CFD-82D6-B0B61613FBFE} = {8AEF073B-5837-43E9-82C1-BDE1BEBBAF88}
	EndGlobalSection
	GlobalSection(ExtensibilityGlobals) = postSolution
		SolutionGuid = {1A365742-464F-4F92-BCF0-6F080A5C398C}
	EndGlobalSection
EndGlobal
